// !$*UTF8*$!
{
	archiveVersion = 1;
	classes = {
	};
	objectVersion = 52;
	objects = {

/* Begin PBXBuildFile section */
		89214F9D24FBB50600B2FCC9 /* SwiftGraphviz.framework in Frameworks */ = {isa = PBXBuildFile; fileRef = 89214F9424FBB50600B2FCC9 /* SwiftGraphviz.framework */; };
		89214FA224FBB50600B2FCC9 /* SwiftGraphvizTests.swift in Sources */ = {isa = PBXBuildFile; fileRef = 89214FA124FBB50600B2FCC9 /* SwiftGraphvizTests.swift */; };
		89214FA424FBB50600B2FCC9 /* SwiftGraphviz.h in Headers */ = {isa = PBXBuildFile; fileRef = 89214F9624FBB50600B2FCC9 /* SwiftGraphviz.h */; settings = {ATTRIBUTES = (Public, ); }; };
		89214FAB24FBB53A00B2FCC9 /* CGPoint+KKExtensions.swift in Sources */ = {isa = PBXBuildFile; fileRef = E564F8AB227B228B005CCB3B /* CGPoint+KKExtensions.swift */; };
		89214FAC24FBB53A00B2FCC9 /* CGRect+KKExtensions.swift in Sources */ = {isa = PBXBuildFile; fileRef = E564F8AA227B228A005CCB3B /* CGRect+KKExtensions.swift */; };
		89214FAD24FBB53A00B2FCC9 /* CGVector+KKExtensions.swift in Sources */ = {isa = PBXBuildFile; fileRef = E564F8A9227B228A005CCB3B /* CGVector+KKExtensions.swift */; };
		89214FAE24FBB53A00B2FCC9 /* Double+KKExtensions.swift in Sources */ = {isa = PBXBuildFile; fileRef = E564F8A7227B228A005CCB3B /* Double+KKExtensions.swift */; };
		89214FAF24FBB53A00B2FCC9 /* Set+KKExtentions.swift in Sources */ = {isa = PBXBuildFile; fileRef = E564F8A8227B228A005CCB3B /* Set+KKExtentions.swift */; };
		89214FB024FBB53A00B2FCC9 /* CGSize+KKExtensions.swift in Sources */ = {isa = PBXBuildFile; fileRef = E5B10A1D22E6454500150B65 /* CGSize+KKExtensions.swift */; };
		89214FB124FBB53A00B2FCC9 /* GraphvizWrapper.swift in Sources */ = {isa = PBXBuildFile; fileRef = E53228022261B78B003A9143 /* GraphvizWrapper.swift */; };
		89214FB224FBB53A00B2FCC9 /* GVCluster.swift in Sources */ = {isa = PBXBuildFile; fileRef = E53228012261B78B003A9143 /* GVCluster.swift */; };
		89214FB324FBB53A00B2FCC9 /* GVEdge.swift in Sources */ = {isa = PBXBuildFile; fileRef = E53228082261B78B003A9143 /* GVEdge.swift */; };
		89214FB424FBB53A00B2FCC9 /* GVLayoutConfig.swift in Sources */ = {isa = PBXBuildFile; fileRef = E53228052261B78B003A9143 /* GVLayoutConfig.swift */; };
		89214FB524FBB53A00B2FCC9 /* GVNode.swift in Sources */ = {isa = PBXBuildFile; fileRef = E53228002261B78B003A9143 /* GVNode.swift */; };
		89214FB624FBB53A00B2FCC9 /* GVParameters.swift in Sources */ = {isa = PBXBuildFile; fileRef = E53228032261B78B003A9143 /* GVParameters.swift */; };
		89214FB724FBB53A00B2FCC9 /* StandardGVLayoutConfigurations.swift in Sources */ = {isa = PBXBuildFile; fileRef = E532280C2261B78C003A9143 /* StandardGVLayoutConfigurations.swift */; };
		89214FB824FBB53A00B2FCC9 /* GraphBuilderBias.swift in Sources */ = {isa = PBXBuildFile; fileRef = 89CBA85A2444D4C600D7F208 /* GraphBuilderBias.swift */; };
		89214FB924FBB53A00B2FCC9 /* GVGraph.swift in Sources */ = {isa = PBXBuildFile; fileRef = E586283E229C6AC50074F6DC /* GVGraph.swift */; };
		89214FBA24FBB55200B2FCC9 /* builtins.c in Sources */ = {isa = PBXBuildFile; fileRef = E53228072261B78B003A9143 /* builtins.c */; };
		89214FBB24FBB55700B2FCC9 /* Logging.swift in Sources */ = {isa = PBXBuildFile; fileRef = E5B1A8D32261E5020090DBD8 /* Logging.swift */; };
		89B96393238539B3008CCBB2 /* SwiftGraphvizMac in Frameworks */ = {isa = PBXBuildFile; productRef = 89B96392238539B3008CCBB2 /* SwiftGraphvizMac */; };
		89CBA85B2444D4C600D7F208 /* GraphBuilderBias.swift in Sources */ = {isa = PBXBuildFile; fileRef = 89CBA85A2444D4C600D7F208 /* GraphBuilderBias.swift */; };
		89CBA85C2444D4C600D7F208 /* GraphBuilderBias.swift in Sources */ = {isa = PBXBuildFile; fileRef = 89CBA85A2444D4C600D7F208 /* GraphBuilderBias.swift */; };
		89F4ED2E2495436B0099B6C6 /* Logging in Frameworks */ = {isa = PBXBuildFile; productRef = 89F4ED2D2495436B0099B6C6 /* Logging */; };
		E532280D2261B78C003A9143 /* GVNode.swift in Sources */ = {isa = PBXBuildFile; fileRef = E53228002261B78B003A9143 /* GVNode.swift */; };
		E532280E2261B78C003A9143 /* GVCluster.swift in Sources */ = {isa = PBXBuildFile; fileRef = E53228012261B78B003A9143 /* GVCluster.swift */; };
		E532280F2261B78C003A9143 /* GraphvizWrapper.swift in Sources */ = {isa = PBXBuildFile; fileRef = E53228022261B78B003A9143 /* GraphvizWrapper.swift */; };
		E53228102261B78C003A9143 /* GVParameters.swift in Sources */ = {isa = PBXBuildFile; fileRef = E53228032261B78B003A9143 /* GVParameters.swift */; };
		E53228112261B78C003A9143 /* GVLayoutConfig.swift in Sources */ = {isa = PBXBuildFile; fileRef = E53228052261B78B003A9143 /* GVLayoutConfig.swift */; };
		E53228132261B78C003A9143 /* builtins.c in Sources */ = {isa = PBXBuildFile; fileRef = E53228072261B78B003A9143 /* builtins.c */; };
		E53228142261B78C003A9143 /* GVEdge.swift in Sources */ = {isa = PBXBuildFile; fileRef = E53228082261B78B003A9143 /* GVEdge.swift */; };
		E53228172261B78C003A9143 /* StandardGVLayoutConfigurations.swift in Sources */ = {isa = PBXBuildFile; fileRef = E532280C2261B78C003A9143 /* StandardGVLayoutConfigurations.swift */; };
		E53228792261BB2A003A9143 /* builtins.h in Headers */ = {isa = PBXBuildFile; fileRef = E532280A2261B78C003A9143 /* builtins.h */; };
		E539EB7826CA789D00484EA0 /* libcdt.a in Frameworks */ = {isa = PBXBuildFile; fileRef = E539EB7726CA789D00484EA0 /* libcdt.a */; };
		E539EB7D26CA7A9400484EA0 /* libexpat.1.tbd in Frameworks */ = {isa = PBXBuildFile; fileRef = E539EB7C26CA7A9400484EA0 /* libexpat.1.tbd */; };
		E564F892226B1231005CCB3B /* Package.swift in Sources */ = {isa = PBXBuildFile; fileRef = E564F891226B1231005CCB3B /* Package.swift */; };
		E564F8AC227B228B005CCB3B /* Double+KKExtensions.swift in Sources */ = {isa = PBXBuildFile; fileRef = E564F8A7227B228A005CCB3B /* Double+KKExtensions.swift */; };
		E564F8AD227B228B005CCB3B /* Double+KKExtensions.swift in Sources */ = {isa = PBXBuildFile; fileRef = E564F8A7227B228A005CCB3B /* Double+KKExtensions.swift */; };
		E564F8AE227B228B005CCB3B /* Set+KKExtentions.swift in Sources */ = {isa = PBXBuildFile; fileRef = E564F8A8227B228A005CCB3B /* Set+KKExtentions.swift */; };
		E564F8AF227B228B005CCB3B /* Set+KKExtentions.swift in Sources */ = {isa = PBXBuildFile; fileRef = E564F8A8227B228A005CCB3B /* Set+KKExtentions.swift */; };
		E564F8B0227B228B005CCB3B /* CGVector+KKExtensions.swift in Sources */ = {isa = PBXBuildFile; fileRef = E564F8A9227B228A005CCB3B /* CGVector+KKExtensions.swift */; };
		E564F8B1227B228B005CCB3B /* CGVector+KKExtensions.swift in Sources */ = {isa = PBXBuildFile; fileRef = E564F8A9227B228A005CCB3B /* CGVector+KKExtensions.swift */; };
		E564F8B2227B228B005CCB3B /* CGRect+KKExtensions.swift in Sources */ = {isa = PBXBuildFile; fileRef = E564F8AA227B228A005CCB3B /* CGRect+KKExtensions.swift */; };
		E564F8B3227B228B005CCB3B /* CGRect+KKExtensions.swift in Sources */ = {isa = PBXBuildFile; fileRef = E564F8AA227B228A005CCB3B /* CGRect+KKExtensions.swift */; };
		E564F8B4227B228B005CCB3B /* CGPoint+KKExtensions.swift in Sources */ = {isa = PBXBuildFile; fileRef = E564F8AB227B228B005CCB3B /* CGPoint+KKExtensions.swift */; };
		E564F8B5227B228B005CCB3B /* CGPoint+KKExtensions.swift in Sources */ = {isa = PBXBuildFile; fileRef = E564F8AB227B228B005CCB3B /* CGPoint+KKExtensions.swift */; };
		E565681C2573E397001CD7B4 /* SwiftGraphviz.h in Headers */ = {isa = PBXBuildFile; fileRef = 89214F9624FBB50600B2FCC9 /* SwiftGraphviz.h */; };
		E565682A2573E6E2001CD7B4 /* SwiftGraphviz-Bridging-Header.h in Headers */ = {isa = PBXBuildFile; fileRef = E53227FF2261B78A003A9143 /* SwiftGraphviz-Bridging-Header.h */; };
		E571EC002261BC6C000F7DA1 /* builtins.c in Sources */ = {isa = PBXBuildFile; fileRef = E53228072261B78B003A9143 /* builtins.c */; };
		E571EC032261BC6C000F7DA1 /* GraphvizWrapper.swift in Sources */ = {isa = PBXBuildFile; fileRef = E53228022261B78B003A9143 /* GraphvizWrapper.swift */; };
		E571EC042261BC6C000F7DA1 /* GVCluster.swift in Sources */ = {isa = PBXBuildFile; fileRef = E53228012261B78B003A9143 /* GVCluster.swift */; };
		E571EC052261BC6C000F7DA1 /* GVEdge.swift in Sources */ = {isa = PBXBuildFile; fileRef = E53228082261B78B003A9143 /* GVEdge.swift */; };
		E571EC062261BC6C000F7DA1 /* GVLayoutConfig.swift in Sources */ = {isa = PBXBuildFile; fileRef = E53228052261B78B003A9143 /* GVLayoutConfig.swift */; };
		E571EC072261BC6C000F7DA1 /* GVNode.swift in Sources */ = {isa = PBXBuildFile; fileRef = E53228002261B78B003A9143 /* GVNode.swift */; };
		E571EC082261BC6C000F7DA1 /* GVParameters.swift in Sources */ = {isa = PBXBuildFile; fileRef = E53228032261B78B003A9143 /* GVParameters.swift */; };
		E571EC0B2261BC6C000F7DA1 /* StandardGVLayoutConfigurations.swift in Sources */ = {isa = PBXBuildFile; fileRef = E532280C2261B78C003A9143 /* StandardGVLayoutConfigurations.swift */; };
		E5862840229C6C9A0074F6DC /* GVGraph.swift in Sources */ = {isa = PBXBuildFile; fileRef = E586283E229C6AC50074F6DC /* GVGraph.swift */; };
		E5862841229C6C9B0074F6DC /* GVGraph.swift in Sources */ = {isa = PBXBuildFile; fileRef = E586283E229C6AC50074F6DC /* GVGraph.swift */; };
		E59BC09825DAFBCC00402577 /* libcdt.a in Frameworks */ = {isa = PBXBuildFile; fileRef = E59BC09725DAFBCC00402577 /* libcdt.a */; };
		E59BC09A25DAFBCC00402577 /* libcgraph.a in Frameworks */ = {isa = PBXBuildFile; fileRef = E59BC09925DAFBCC00402577 /* libcgraph.a */; };
		E59BC09C25DAFBCC00402577 /* libcircogen.a in Frameworks */ = {isa = PBXBuildFile; fileRef = E59BC09B25DAFBCC00402577 /* libcircogen.a */; };
		E59BC09E25DAFBCC00402577 /* libcommon.a in Frameworks */ = {isa = PBXBuildFile; fileRef = E59BC09D25DAFBCC00402577 /* libcommon.a */; };
		E59BC0A025DAFBCC00402577 /* libdotgen.a in Frameworks */ = {isa = PBXBuildFile; fileRef = E59BC09F25DAFBCC00402577 /* libdotgen.a */; };
		E59BC0A225DAFBCC00402577 /* libfdpgen.a in Frameworks */ = {isa = PBXBuildFile; fileRef = E59BC0A125DAFBCC00402577 /* libfdpgen.a */; };
		E59BC0A425DAFBCC00402577 /* libgvc.a in Frameworks */ = {isa = PBXBuildFile; fileRef = E59BC0A325DAFBCC00402577 /* libgvc.a */; };
		E59BC0A625DAFBCC00402577 /* libgvplugin_core.a in Frameworks */ = {isa = PBXBuildFile; fileRef = E59BC0A525DAFBCC00402577 /* libgvplugin_core.a */; };
		E59BC0A825DAFBCC00402577 /* libgvplugin_dot_layout.a in Frameworks */ = {isa = PBXBuildFile; fileRef = E59BC0A725DAFBCC00402577 /* libgvplugin_dot_layout.a */; };
		E59BC0AA25DAFBCC00402577 /* libgvplugin_gd.a in Frameworks */ = {isa = PBXBuildFile; fileRef = E59BC0A925DAFBCC00402577 /* libgvplugin_gd.a */; };
		E59BC0AC25DAFBCC00402577 /* libgvplugin_neato_layout.a in Frameworks */ = {isa = PBXBuildFile; fileRef = E59BC0AB25DAFBCC00402577 /* libgvplugin_neato_layout.a */; };
		E59BC0AE25DAFBCC00402577 /* libgvplugin_pango.a in Frameworks */ = {isa = PBXBuildFile; fileRef = E59BC0AD25DAFBCC00402577 /* libgvplugin_pango.a */; };
		E59BC0B025DAFBCC00402577 /* libingraphs.a in Frameworks */ = {isa = PBXBuildFile; fileRef = E59BC0AF25DAFBCC00402577 /* libingraphs.a */; };
		E59BC0B225DAFBCC00402577 /* liblabel.a in Frameworks */ = {isa = PBXBuildFile; fileRef = E59BC0B125DAFBCC00402577 /* liblabel.a */; };
		E59BC0B425DAFBCC00402577 /* libneatogen.a in Frameworks */ = {isa = PBXBuildFile; fileRef = E59BC0B325DAFBCC00402577 /* libneatogen.a */; };
		E59BC0B625DAFBCC00402577 /* libortho.a in Frameworks */ = {isa = PBXBuildFile; fileRef = E59BC0B525DAFBCC00402577 /* libortho.a */; };
		E59BC0B825DAFBCC00402577 /* libosage.a in Frameworks */ = {isa = PBXBuildFile; fileRef = E59BC0B725DAFBCC00402577 /* libosage.a */; };
		E59BC0BA25DAFBCC00402577 /* libpack.a in Frameworks */ = {isa = PBXBuildFile; fileRef = E59BC0B925DAFBCC00402577 /* libpack.a */; };
		E59BC0BC25DAFBCC00402577 /* libpatchwork.a in Frameworks */ = {isa = PBXBuildFile; fileRef = E59BC0BB25DAFBCC00402577 /* libpatchwork.a */; };
		E59BC0BE25DAFBCC00402577 /* libpathplan.a in Frameworks */ = {isa = PBXBuildFile; fileRef = E59BC0BD25DAFBCC00402577 /* libpathplan.a */; };
		E59BC0C025DAFBCC00402577 /* librbtree.a in Frameworks */ = {isa = PBXBuildFile; fileRef = E59BC0BF25DAFBCC00402577 /* librbtree.a */; };
		E59BC0C225DAFBCC00402577 /* libsfdpgen.a in Frameworks */ = {isa = PBXBuildFile; fileRef = E59BC0C125DAFBCC00402577 /* libsfdpgen.a */; };
		E59BC0C425DAFBCC00402577 /* libsparse.a in Frameworks */ = {isa = PBXBuildFile; fileRef = E59BC0C325DAFBCC00402577 /* libsparse.a */; };
		E59BC0C625DAFBCC00402577 /* libspine.a in Frameworks */ = {isa = PBXBuildFile; fileRef = E59BC0C525DAFBCC00402577 /* libspine.a */; };
		E59BC0C825DAFBCC00402577 /* libtwopigen.a in Frameworks */ = {isa = PBXBuildFile; fileRef = E59BC0C725DAFBCC00402577 /* libtwopigen.a */; };
		E59BC0CA25DAFBCC00402577 /* libvmalloc.a in Frameworks */ = {isa = PBXBuildFile; fileRef = E59BC0C925DAFBCC00402577 /* libvmalloc.a */; };
		E59BC0CC25DAFBCC00402577 /* libxdot.a in Frameworks */ = {isa = PBXBuildFile; fileRef = E59BC0CB25DAFBCC00402577 /* libxdot.a */; };
		E59BC25625DB147000402577 /* gvplugin.h in Headers */ = {isa = PBXBuildFile; fileRef = E59BC24225DB143800402577 /* gvplugin.h */; settings = {ATTRIBUTES = (Public, ); }; };
		E59BC25725DB147000402577 /* cdt.h in Headers */ = {isa = PBXBuildFile; fileRef = E59BC1C225DB12A100402577 /* cdt.h */; settings = {ATTRIBUTES = (Public, ); }; };
		E59BC25825DB147000402577 /* gvcommon.h in Headers */ = {isa = PBXBuildFile; fileRef = E59BC1A425DB113500402577 /* gvcommon.h */; settings = {ATTRIBUTES = (Public, ); }; };
		E59BC25925DB147000402577 /* builtins.h in Headers */ = {isa = PBXBuildFile; fileRef = E532280A2261B78C003A9143 /* builtins.h */; settings = {ATTRIBUTES = (Public, ); }; };
		E59BC31425DB1CE100402577 /* types.h in Headers */ = {isa = PBXBuildFile; fileRef = E59BC30925DB1CCB00402577 /* types.h */; settings = {ATTRIBUTES = (Public, ); }; };
		E59BC31525DB1CE100402577 /* gvcext.h in Headers */ = {isa = PBXBuildFile; fileRef = E59BC30A25DB1CCB00402577 /* gvcext.h */; settings = {ATTRIBUTES = (Public, ); }; };
		E59BC32725DB1D5A00402577 /* gvc.h in Headers */ = {isa = PBXBuildFile; fileRef = E59BC32625DB1D5A00402577 /* gvc.h */; settings = {ATTRIBUTES = (Public, ); }; };
		E59BC33125DB1D7E00402577 /* geom.h in Headers */ = {isa = PBXBuildFile; fileRef = E59BC33025DB1D7E00402577 /* geom.h */; settings = {ATTRIBUTES = (Public, ); }; };
		E59BC33B25DB1D9A00402577 /* arith.h in Headers */ = {isa = PBXBuildFile; fileRef = E59BC33A25DB1D9A00402577 /* arith.h */; settings = {ATTRIBUTES = (Public, ); }; };
		E59BC34525DB1DBA00402577 /* pathgeom.h in Headers */ = {isa = PBXBuildFile; fileRef = E59BC34425DB1DBA00402577 /* pathgeom.h */; settings = {ATTRIBUTES = (Public, ); }; };
		E59BC34F25DB1DD300402577 /* textspan.h in Headers */ = {isa = PBXBuildFile; fileRef = E59BC34E25DB1DD300402577 /* textspan.h */; settings = {ATTRIBUTES = (Public, ); }; };
		E59BC35925DB1DEB00402577 /* cgraph.h in Headers */ = {isa = PBXBuildFile; fileRef = E59BC35825DB1DEA00402577 /* cgraph.h */; settings = {ATTRIBUTES = (Public, ); }; };
		E59BC36325DB1E1100402577 /* usershape.h in Headers */ = {isa = PBXBuildFile; fileRef = E59BC36225DB1E1100402577 /* usershape.h */; settings = {ATTRIBUTES = (Public, ); }; };
		E59BC37525DB1E4E00402577 /* gvcint.h in Headers */ = {isa = PBXBuildFile; fileRef = E59BC37425DB1E4E00402577 /* gvcint.h */; settings = {ATTRIBUTES = (Public, ); }; };
		E59BC37F25DB1E6C00402577 /* gvcjob.h in Headers */ = {isa = PBXBuildFile; fileRef = E59BC37E25DB1E6C00402577 /* gvcjob.h */; settings = {ATTRIBUTES = (Public, ); }; };
		E59BC38925DB1E8900402577 /* color.h in Headers */ = {isa = PBXBuildFile; fileRef = E59BC38825DB1E8900402577 /* color.h */; settings = {ATTRIBUTES = (Public, ); }; };
		E5B10A1E22E6454500150B65 /* CGSize+KKExtensions.swift in Sources */ = {isa = PBXBuildFile; fileRef = E5B10A1D22E6454500150B65 /* CGSize+KKExtensions.swift */; };
		E5B10A1F22E645ED00150B65 /* CGSize+KKExtensions.swift in Sources */ = {isa = PBXBuildFile; fileRef = E5B10A1D22E6454500150B65 /* CGSize+KKExtensions.swift */; };
		E5B1A8D42261E5030090DBD8 /* Logging.swift in Sources */ = {isa = PBXBuildFile; fileRef = E5B1A8D32261E5020090DBD8 /* Logging.swift */; };
		E5B1A8D52261EB7D0090DBD8 /* Logging.swift in Sources */ = {isa = PBXBuildFile; fileRef = E5B1A8D32261E5020090DBD8 /* Logging.swift */; };
		E5BFE27826CA8337005828C5 /* libltdlc.a in Frameworks */ = {isa = PBXBuildFile; fileRef = E52C418B258FFD3A00081254 /* libltdlc.a */; };
/* End PBXBuildFile section */

/* Begin PBXContainerItemProxy section */
		89214F9E24FBB50600B2FCC9 /* PBXContainerItemProxy */ = {
			isa = PBXContainerItemProxy;
			containerPortal = E53227CA2260511C003A9143 /* Project object */;
			proxyType = 1;
			remoteGlobalIDString = 89214F9324FBB50600B2FCC9;
			remoteInfo = SwiftGraphviz;
		};
/* End PBXContainerItemProxy section */

/* Begin PBXCopyFilesBuildPhase section */
		E53227D02260511C003A9143 /* CopyFiles */ = {
			isa = PBXCopyFilesBuildPhase;
			buildActionMask = 2147483647;
			dstPath = "include/$(PRODUCT_NAME)";
			dstSubfolderSpec = 16;
			files = (
			);
			runOnlyForDeploymentPostprocessing = 0;
		};
/* End PBXCopyFilesBuildPhase section */

/* Begin PBXFileReference section */
		89214F9424FBB50600B2FCC9 /* SwiftGraphviz.framework */ = {isa = PBXFileReference; explicitFileType = wrapper.framework; includeInIndex = 0; path = SwiftGraphviz.framework; sourceTree = BUILT_PRODUCTS_DIR; };
		89214F9624FBB50600B2FCC9 /* SwiftGraphviz.h */ = {isa = PBXFileReference; lastKnownFileType = sourcecode.c.h; path = SwiftGraphviz.h; sourceTree = "<group>"; };
		89214F9724FBB50600B2FCC9 /* Info.plist */ = {isa = PBXFileReference; lastKnownFileType = text.plist.xml; path = Info.plist; sourceTree = "<group>"; };
		89214F9C24FBB50600B2FCC9 /* SwiftGraphvizTests.xctest */ = {isa = PBXFileReference; explicitFileType = wrapper.cfbundle; includeInIndex = 0; path = SwiftGraphvizTests.xctest; sourceTree = BUILT_PRODUCTS_DIR; };
		89214FA124FBB50600B2FCC9 /* SwiftGraphvizTests.swift */ = {isa = PBXFileReference; lastKnownFileType = sourcecode.swift; path = SwiftGraphvizTests.swift; sourceTree = "<group>"; };
		89214FA324FBB50600B2FCC9 /* Info.plist */ = {isa = PBXFileReference; lastKnownFileType = text.plist.xml; path = Info.plist; sourceTree = "<group>"; };
		89CBA85A2444D4C600D7F208 /* GraphBuilderBias.swift */ = {isa = PBXFileReference; fileEncoding = 4; lastKnownFileType = sourcecode.swift; path = GraphBuilderBias.swift; sourceTree = "<group>"; };
		E52C418B258FFD3A00081254 /* libltdlc.a */ = {isa = PBXFileReference; lastKnownFileType = archive.ar; name = libltdlc.a; path = universal/libltdlc.a; sourceTree = "<group>"; };
		E52C418C258FFD3A00081254 /* libgvplugin_core_C.a */ = {isa = PBXFileReference; lastKnownFileType = archive.ar; name = libgvplugin_core_C.a; path = universal/libgvplugin_core_C.a; sourceTree = "<group>"; };
		E52C418D258FFD3A00081254 /* libcharset.a */ = {isa = PBXFileReference; lastKnownFileType = archive.ar; name = libcharset.a; path = universal/libcharset.a; sourceTree = "<group>"; };
		E52C418E258FFD3A00081254 /* libgvplugin_dot_layout_C.a */ = {isa = PBXFileReference; lastKnownFileType = archive.ar; name = libgvplugin_dot_layout_C.a; path = universal/libgvplugin_dot_layout_C.a; sourceTree = "<group>"; };
		E52C418F258FFD3A00081254 /* libz.a */ = {isa = PBXFileReference; lastKnownFileType = archive.ar; name = libz.a; path = universal/libz.a; sourceTree = "<group>"; };
		E52C4190258FFD3A00081254 /* libgvc_C.a */ = {isa = PBXFileReference; lastKnownFileType = archive.ar; name = libgvc_C.a; path = universal/libgvc_C.a; sourceTree = "<group>"; };
		E52C4191258FFD3A00081254 /* libcdt_C.a */ = {isa = PBXFileReference; lastKnownFileType = archive.ar; name = libcdt_C.a; path = universal/libcdt_C.a; sourceTree = "<group>"; };
		E52C4192258FFD3A00081254 /* libcgraph_C.a */ = {isa = PBXFileReference; lastKnownFileType = archive.ar; name = libcgraph_C.a; path = universal/libcgraph_C.a; sourceTree = "<group>"; };
		E52C4193258FFD3A00081254 /* iconv.o */ = {isa = PBXFileReference; lastKnownFileType = "compiled.mach-o.objfile"; name = iconv.o; path = universal/iconv.o; sourceTree = "<group>"; };
		E52C4194258FFD3A00081254 /* libgts.a */ = {isa = PBXFileReference; lastKnownFileType = archive.ar; name = libgts.a; path = universal/libgts.a; sourceTree = "<group>"; };
		E52C4195258FFD3A00081254 /* libexpat.a */ = {isa = PBXFileReference; lastKnownFileType = archive.ar; name = libexpat.a; path = universal/libexpat.a; sourceTree = "<group>"; };
		E52C4196258FFD3A00081254 /* libglib-2.0.a */ = {isa = PBXFileReference; lastKnownFileType = archive.ar; name = "libglib-2.0.a"; path = "universal/libglib-2.0.a"; sourceTree = "<group>"; };
		E52C4197258FFD3A00081254 /* libpathplan_C.a */ = {isa = PBXFileReference; lastKnownFileType = archive.ar; name = libpathplan_C.a; path = universal/libpathplan_C.a; sourceTree = "<group>"; };
		E52C4198258FFD3A00081254 /* libvpsc_C.a */ = {isa = PBXFileReference; lastKnownFileType = archive.ar; name = libvpsc_C.a; path = universal/libvpsc_C.a; sourceTree = "<group>"; };
		E52C4199258FFD3A00081254 /* libintl.a */ = {isa = PBXFileReference; lastKnownFileType = archive.ar; name = libintl.a; path = universal/libintl.a; sourceTree = "<group>"; };
		E52C419A258FFD3A00081254 /* libgvplugin_neato_layout_C.a */ = {isa = PBXFileReference; lastKnownFileType = archive.ar; name = libgvplugin_neato_layout_C.a; path = universal/libgvplugin_neato_layout_C.a; sourceTree = "<group>"; };
		E52C41AF2590001600081254 /* libgvplugin_quartz_C.a */ = {isa = PBXFileReference; lastKnownFileType = archive.ar; name = libgvplugin_quartz_C.a; path = universal/libgvplugin_quartz_C.a; sourceTree = "<group>"; };
		E53227D22260511C003A9143 /* libSwiftGraphvizIOS.a */ = {isa = PBXFileReference; explicitFileType = archive.ar; includeInIndex = 0; path = libSwiftGraphvizIOS.a; sourceTree = BUILT_PRODUCTS_DIR; };
		E53227FF2261B78A003A9143 /* SwiftGraphviz-Bridging-Header.h */ = {isa = PBXFileReference; lastKnownFileType = sourcecode.c.h; path = "SwiftGraphviz-Bridging-Header.h"; sourceTree = "<group>"; };
		E53228002261B78B003A9143 /* GVNode.swift */ = {isa = PBXFileReference; fileEncoding = 4; lastKnownFileType = sourcecode.swift; path = GVNode.swift; sourceTree = "<group>"; };
		E53228012261B78B003A9143 /* GVCluster.swift */ = {isa = PBXFileReference; fileEncoding = 4; lastKnownFileType = sourcecode.swift; path = GVCluster.swift; sourceTree = "<group>"; };
		E53228022261B78B003A9143 /* GraphvizWrapper.swift */ = {isa = PBXFileReference; fileEncoding = 4; lastKnownFileType = sourcecode.swift; path = GraphvizWrapper.swift; sourceTree = "<group>"; };
		E53228032261B78B003A9143 /* GVParameters.swift */ = {isa = PBXFileReference; fileEncoding = 4; lastKnownFileType = sourcecode.swift; path = GVParameters.swift; sourceTree = "<group>"; };
		E53228042261B78B003A9143 /* prepareLibraries.sh */ = {isa = PBXFileReference; fileEncoding = 4; lastKnownFileType = text.script.sh; path = prepareLibraries.sh; sourceTree = "<group>"; };
		E53228052261B78B003A9143 /* GVLayoutConfig.swift */ = {isa = PBXFileReference; fileEncoding = 4; lastKnownFileType = sourcecode.swift; path = GVLayoutConfig.swift; sourceTree = "<group>"; };
		E53228072261B78B003A9143 /* builtins.c */ = {isa = PBXFileReference; fileEncoding = 4; lastKnownFileType = sourcecode.c.c; path = builtins.c; sourceTree = "<group>"; };
		E53228082261B78B003A9143 /* GVEdge.swift */ = {isa = PBXFileReference; fileEncoding = 4; lastKnownFileType = sourcecode.swift; path = GVEdge.swift; sourceTree = "<group>"; };
		E532280A2261B78C003A9143 /* builtins.h */ = {isa = PBXFileReference; fileEncoding = 4; lastKnownFileType = sourcecode.c.h; path = builtins.h; sourceTree = "<group>"; };
		E532280C2261B78C003A9143 /* StandardGVLayoutConfigurations.swift */ = {isa = PBXFileReference; fileEncoding = 4; lastKnownFileType = sourcecode.swift; path = StandardGVLayoutConfigurations.swift; sourceTree = "<group>"; };
		E532284C2261BA86003A9143 /* libSwiftGraphvizMac_old.a */ = {isa = PBXFileReference; explicitFileType = archive.ar; includeInIndex = 0; path = libSwiftGraphvizMac_old.a; sourceTree = BUILT_PRODUCTS_DIR; };
		E53228552261BB11003A9143 /* libgts.a */ = {isa = PBXFileReference; lastKnownFileType = archive.ar; name = libgts.a; path = macOS/otherLibs/libgts.a; sourceTree = "<group>"; };
		E53228562261BB11003A9143 /* libcgraph_C.a */ = {isa = PBXFileReference; lastKnownFileType = archive.ar; name = libcgraph_C.a; path = macOS/gvLibs/libcgraph_C.a; sourceTree = "<group>"; };
		E53228572261BB11003A9143 /* libgvc_C.a */ = {isa = PBXFileReference; lastKnownFileType = archive.ar; name = libgvc_C.a; path = macOS/gvLibs/libgvc_C.a; sourceTree = "<group>"; };
		E53228582261BB11003A9143 /* libgvplugin_dot_layout_C.a */ = {isa = PBXFileReference; lastKnownFileType = archive.ar; name = libgvplugin_dot_layout_C.a; path = macOS/gvLibs/libgvplugin_dot_layout_C.a; sourceTree = "<group>"; };
		E53228592261BB11003A9143 /* libgvplugin_core_C.a */ = {isa = PBXFileReference; lastKnownFileType = archive.ar; name = libgvplugin_core_C.a; path = macOS/gvLibs/libgvplugin_core_C.a; sourceTree = "<group>"; };
		E532285A2261BB11003A9143 /* libcharset.a */ = {isa = PBXFileReference; lastKnownFileType = archive.ar; name = libcharset.a; path = macOS/otherLibs/libcharset.a; sourceTree = "<group>"; };
		E532285B2261BB11003A9143 /* libglib-2.0.a */ = {isa = PBXFileReference; lastKnownFileType = archive.ar; name = "libglib-2.0.a"; path = "macOS/otherLibs/libglib-2.0.a"; sourceTree = "<group>"; };
		E532285C2261BB11003A9143 /* libltdlc.a */ = {isa = PBXFileReference; lastKnownFileType = archive.ar; name = libltdlc.a; path = macOS/otherLibs/libltdlc.a; sourceTree = "<group>"; };
		E532285D2261BB11003A9143 /* libpathplan_C.a */ = {isa = PBXFileReference; lastKnownFileType = archive.ar; name = libpathplan_C.a; path = macOS/gvLibs/libpathplan_C.a; sourceTree = "<group>"; };
		E532285E2261BB11003A9143 /* libz.a */ = {isa = PBXFileReference; lastKnownFileType = archive.ar; name = libz.a; path = macOS/otherLibs/libz.a; sourceTree = "<group>"; };
		E53228602261BB11003A9143 /* iconv.o */ = {isa = PBXFileReference; lastKnownFileType = "compiled.mach-o.objfile"; name = iconv.o; path = macOS/otherLibs/iconv.o; sourceTree = "<group>"; };
		E53228612261BB11003A9143 /* libvpsc_C.a */ = {isa = PBXFileReference; lastKnownFileType = archive.ar; name = libvpsc_C.a; path = macOS/gvLibs/libvpsc_C.a; sourceTree = "<group>"; };
		E53228622261BB11003A9143 /* libexpat.a */ = {isa = PBXFileReference; lastKnownFileType = archive.ar; name = libexpat.a; path = macOS/otherLibs/libexpat.a; sourceTree = "<group>"; };
		E53228632261BB11003A9143 /* libgvplugin_neato_layout_C.a */ = {isa = PBXFileReference; lastKnownFileType = archive.ar; name = libgvplugin_neato_layout_C.a; path = macOS/gvLibs/libgvplugin_neato_layout_C.a; sourceTree = "<group>"; };
		E53228642261BB11003A9143 /* libgvplugin_quartz_C.a */ = {isa = PBXFileReference; lastKnownFileType = archive.ar; name = libgvplugin_quartz_C.a; path = macOS/gvLibs/libgvplugin_quartz_C.a; sourceTree = "<group>"; };
		E53228652261BB11003A9143 /* libcdt_C.a */ = {isa = PBXFileReference; lastKnownFileType = archive.ar; name = libcdt_C.a; path = macOS/gvLibs/libcdt_C.a; sourceTree = "<group>"; };
		E53228662261BB11003A9143 /* libintl.a */ = {isa = PBXFileReference; lastKnownFileType = archive.ar; name = libintl.a; path = macOS/otherLibs/libintl.a; sourceTree = "<group>"; };
		E539EB7726CA789D00484EA0 /* libcdt.a */ = {isa = PBXFileReference; explicitFileType = archive.ar; path = libcdt.a; sourceTree = BUILT_PRODUCTS_DIR; };
		E539EB7C26CA7A9400484EA0 /* libexpat.1.tbd */ = {isa = PBXFileReference; lastKnownFileType = "sourcecode.text-based-dylib-definition"; name = libexpat.1.tbd; path = Platforms/MacOSX.platform/Developer/SDKs/MacOSX11.3.sdk/usr/lib/libexpat.1.tbd; sourceTree = DEVELOPER_DIR; };
		E55CD06826CA8079000C3963 /* libdl.tbd */ = {isa = PBXFileReference; lastKnownFileType = "sourcecode.text-based-dylib-definition"; name = libdl.tbd; path = Platforms/MacOSX.platform/Developer/SDKs/MacOSX11.3.sdk/usr/lib/libdl.tbd; sourceTree = DEVELOPER_DIR; };
		E564F83F22698915005CCB3B /* Foundation.framework */ = {isa = PBXFileReference; lastKnownFileType = wrapper.framework; name = Foundation.framework; path = Platforms/MacOSX.platform/Developer/SDKs/MacOSX10.14.sdk/System/Library/Frameworks/Foundation.framework; sourceTree = DEVELOPER_DIR; };
		E564F8412269891E005CCB3B /* Quartz.framework */ = {isa = PBXFileReference; lastKnownFileType = wrapper.framework; name = Quartz.framework; path = Platforms/MacOSX.platform/Developer/SDKs/MacOSX10.14.sdk/System/Library/Frameworks/Quartz.framework; sourceTree = DEVELOPER_DIR; };
		E564F84322698924005CCB3B /* WebKit.framework */ = {isa = PBXFileReference; lastKnownFileType = wrapper.framework; name = WebKit.framework; path = Platforms/MacOSX.platform/Developer/SDKs/MacOSX10.14.sdk/System/Library/Frameworks/WebKit.framework; sourceTree = DEVELOPER_DIR; };
		E564F875226A0C1A005CCB3B /* libltdlc.a */ = {isa = PBXFileReference; lastKnownFileType = archive.ar; name = libltdlc.a; path = macOS/gvLibs/libltdlc.a; sourceTree = "<group>"; };
		E564F87E226A113F005CCB3B /* libz.tbd */ = {isa = PBXFileReference; lastKnownFileType = "sourcecode.text-based-dylib-definition"; name = libz.tbd; path = Platforms/MacOSX.platform/Developer/SDKs/MacOSX10.14.sdk/usr/lib/libz.tbd; sourceTree = DEVELOPER_DIR; };
		E564F883226A34E0005CCB3B /* libz.1.dylib */ = {isa = PBXFileReference; lastKnownFileType = "compiled.mach-o.dylib"; name = libz.1.dylib; path = ../../../../../usr/lib/libz.1.dylib; sourceTree = "<group>"; };
		E564F88A226AEBC9005CCB3B /* libsystem_darwin.tbd */ = {isa = PBXFileReference; lastKnownFileType = "sourcecode.text-based-dylib-definition"; name = libsystem_darwin.tbd; path = Platforms/MacOSX.platform/Developer/SDKs/MacOSX10.14.sdk/usr/lib/system/libsystem_darwin.tbd; sourceTree = DEVELOPER_DIR; };
		E564F891226B1231005CCB3B /* Package.swift */ = {isa = PBXFileReference; fileEncoding = 4; lastKnownFileType = sourcecode.swift; path = Package.swift; sourceTree = "<group>"; };
		E564F896226B35D4005CCB3B /* module.modulemap */ = {isa = PBXFileReference; fileEncoding = 4; lastKnownFileType = "sourcecode.module-map"; path = module.modulemap; sourceTree = "<group>"; };
		E564F8A7227B228A005CCB3B /* Double+KKExtensions.swift */ = {isa = PBXFileReference; fileEncoding = 4; lastKnownFileType = sourcecode.swift; path = "Double+KKExtensions.swift"; sourceTree = "<group>"; };
		E564F8A8227B228A005CCB3B /* Set+KKExtentions.swift */ = {isa = PBXFileReference; fileEncoding = 4; lastKnownFileType = sourcecode.swift; path = "Set+KKExtentions.swift"; sourceTree = "<group>"; };
		E564F8A9227B228A005CCB3B /* CGVector+KKExtensions.swift */ = {isa = PBXFileReference; fileEncoding = 4; lastKnownFileType = sourcecode.swift; path = "CGVector+KKExtensions.swift"; sourceTree = "<group>"; };
		E564F8AA227B228A005CCB3B /* CGRect+KKExtensions.swift */ = {isa = PBXFileReference; fileEncoding = 4; lastKnownFileType = sourcecode.swift; path = "CGRect+KKExtensions.swift"; sourceTree = "<group>"; };
		E564F8AB227B228B005CCB3B /* CGPoint+KKExtensions.swift */ = {isa = PBXFileReference; fileEncoding = 4; lastKnownFileType = sourcecode.swift; path = "CGPoint+KKExtensions.swift"; sourceTree = "<group>"; };
		E5671A6625A19BCD00727759 /* libgvplugin_core.dylib */ = {isa = PBXFileReference; lastKnownFileType = "compiled.mach-o.dylib"; name = libgvplugin_core.dylib; path = "../graphviz/_build/_CPack_Packages/Darwin/ZIP/Graphviz-2.44.2~dev.20201210.0457-Darwin/lib/graphviz/libgvplugin_core.dylib"; sourceTree = "<group>"; };
		E5671A6C25A19C0900727759 /* libgvplugin_neato_layout.dylib */ = {isa = PBXFileReference; lastKnownFileType = "compiled.mach-o.dylib"; name = libgvplugin_neato_layout.dylib; path = "../graphviz/_build/_CPack_Packages/Darwin/ZIP/Graphviz-2.44.2~dev.20201210.0457-Darwin/lib/graphviz/libgvplugin_neato_layout.dylib"; sourceTree = "<group>"; };
		E5671A6D25A19C0900727759 /* libgvplugin_dot_layout.dylib */ = {isa = PBXFileReference; lastKnownFileType = "compiled.mach-o.dylib"; name = libgvplugin_dot_layout.dylib; path = "../graphviz/_build/_CPack_Packages/Darwin/ZIP/Graphviz-2.44.2~dev.20201210.0457-Darwin/lib/graphviz/libgvplugin_dot_layout.dylib"; sourceTree = "<group>"; };
		E5671A7025A19C2800727759 /* cdt.framework */ = {isa = PBXFileReference; lastKnownFileType = wrapper.framework; name = cdt.framework; path = "../graphviz/_build/_CPack_Packages/Darwin/ZIP/Graphviz-2.44.2~dev.20201210.0457-Darwin/frameworks/cdt.framework"; sourceTree = "<group>"; };
		E5671A7225A19C3700727759 /* cgraph.framework */ = {isa = PBXFileReference; lastKnownFileType = wrapper.framework; name = cgraph.framework; path = "../graphviz/_build/_CPack_Packages/Darwin/ZIP/Graphviz-2.44.2~dev.20201210.0457-Darwin/frameworks/cgraph.framework"; sourceTree = "<group>"; };
		E5671A7425A19C4300727759 /* Darwin */ = {isa = PBXFileReference; lastKnownFileType = folder; name = Darwin; path = ../graphviz/_build/_CPack_Packages/Darwin; sourceTree = "<group>"; };
		E5671A7E25A19C5A00727759 /* gvc.framework */ = {isa = PBXFileReference; lastKnownFileType = wrapper.framework; name = gvc.framework; path = "../graphviz/_build/_CPack_Packages/Darwin/ZIP/Graphviz-2.44.2~dev.20201210.0457-Darwin/frameworks/gvc.framework"; sourceTree = "<group>"; };
		E5671A7F25A19C5A00727759 /* pathplan.framework */ = {isa = PBXFileReference; lastKnownFileType = wrapper.framework; name = pathplan.framework; path = "../graphviz/_build/_CPack_Packages/Darwin/ZIP/Graphviz-2.44.2~dev.20201210.0457-Darwin/frameworks/pathplan.framework"; sourceTree = "<group>"; };
		E5671A8025A19C5A00727759 /* xdot.framework */ = {isa = PBXFileReference; lastKnownFileType = wrapper.framework; name = xdot.framework; path = "../graphviz/_build/_CPack_Packages/Darwin/ZIP/Graphviz-2.44.2~dev.20201210.0457-Darwin/frameworks/xdot.framework"; sourceTree = "<group>"; };
		E586283E229C6AC50074F6DC /* GVGraph.swift */ = {isa = PBXFileReference; lastKnownFileType = sourcecode.swift; path = GVGraph.swift; sourceTree = "<group>"; };
		E59BC09725DAFBCC00402577 /* libcdt.a */ = {isa = PBXFileReference; explicitFileType = archive.ar; path = libcdt.a; sourceTree = BUILT_PRODUCTS_DIR; };
		E59BC09925DAFBCC00402577 /* libcgraph.a */ = {isa = PBXFileReference; explicitFileType = archive.ar; path = libcgraph.a; sourceTree = BUILT_PRODUCTS_DIR; };
		E59BC09B25DAFBCC00402577 /* libcircogen.a */ = {isa = PBXFileReference; explicitFileType = archive.ar; path = libcircogen.a; sourceTree = BUILT_PRODUCTS_DIR; };
		E59BC09D25DAFBCC00402577 /* libcommon.a */ = {isa = PBXFileReference; explicitFileType = archive.ar; path = libcommon.a; sourceTree = BUILT_PRODUCTS_DIR; };
		E59BC09F25DAFBCC00402577 /* libdotgen.a */ = {isa = PBXFileReference; explicitFileType = archive.ar; path = libdotgen.a; sourceTree = BUILT_PRODUCTS_DIR; };
		E59BC0A125DAFBCC00402577 /* libfdpgen.a */ = {isa = PBXFileReference; explicitFileType = archive.ar; path = libfdpgen.a; sourceTree = BUILT_PRODUCTS_DIR; };
		E59BC0A325DAFBCC00402577 /* libgvc.a */ = {isa = PBXFileReference; explicitFileType = archive.ar; path = libgvc.a; sourceTree = BUILT_PRODUCTS_DIR; };
		E59BC0A525DAFBCC00402577 /* libgvplugin_core.a */ = {isa = PBXFileReference; explicitFileType = archive.ar; path = libgvplugin_core.a; sourceTree = BUILT_PRODUCTS_DIR; };
		E59BC0A725DAFBCC00402577 /* libgvplugin_dot_layout.a */ = {isa = PBXFileReference; explicitFileType = archive.ar; path = libgvplugin_dot_layout.a; sourceTree = BUILT_PRODUCTS_DIR; };
		E59BC0A925DAFBCC00402577 /* libgvplugin_gd.a */ = {isa = PBXFileReference; explicitFileType = archive.ar; path = libgvplugin_gd.a; sourceTree = BUILT_PRODUCTS_DIR; };
		E59BC0AB25DAFBCC00402577 /* libgvplugin_neato_layout.a */ = {isa = PBXFileReference; explicitFileType = archive.ar; path = libgvplugin_neato_layout.a; sourceTree = BUILT_PRODUCTS_DIR; };
		E59BC0AD25DAFBCC00402577 /* libgvplugin_pango.a */ = {isa = PBXFileReference; explicitFileType = archive.ar; path = libgvplugin_pango.a; sourceTree = BUILT_PRODUCTS_DIR; };
		E59BC0AF25DAFBCC00402577 /* libingraphs.a */ = {isa = PBXFileReference; explicitFileType = archive.ar; path = libingraphs.a; sourceTree = BUILT_PRODUCTS_DIR; };
		E59BC0B125DAFBCC00402577 /* liblabel.a */ = {isa = PBXFileReference; explicitFileType = archive.ar; path = liblabel.a; sourceTree = BUILT_PRODUCTS_DIR; };
		E59BC0B325DAFBCC00402577 /* libneatogen.a */ = {isa = PBXFileReference; explicitFileType = archive.ar; path = libneatogen.a; sourceTree = BUILT_PRODUCTS_DIR; };
		E59BC0B525DAFBCC00402577 /* libortho.a */ = {isa = PBXFileReference; explicitFileType = archive.ar; path = libortho.a; sourceTree = BUILT_PRODUCTS_DIR; };
		E59BC0B725DAFBCC00402577 /* libosage.a */ = {isa = PBXFileReference; explicitFileType = archive.ar; path = libosage.a; sourceTree = BUILT_PRODUCTS_DIR; };
		E59BC0B925DAFBCC00402577 /* libpack.a */ = {isa = PBXFileReference; explicitFileType = archive.ar; path = libpack.a; sourceTree = BUILT_PRODUCTS_DIR; };
		E59BC0BB25DAFBCC00402577 /* libpatchwork.a */ = {isa = PBXFileReference; explicitFileType = archive.ar; path = libpatchwork.a; sourceTree = BUILT_PRODUCTS_DIR; };
		E59BC0BD25DAFBCC00402577 /* libpathplan.a */ = {isa = PBXFileReference; explicitFileType = archive.ar; path = libpathplan.a; sourceTree = BUILT_PRODUCTS_DIR; };
		E59BC0BF25DAFBCC00402577 /* librbtree.a */ = {isa = PBXFileReference; explicitFileType = archive.ar; path = librbtree.a; sourceTree = BUILT_PRODUCTS_DIR; };
		E59BC0C125DAFBCC00402577 /* libsfdpgen.a */ = {isa = PBXFileReference; explicitFileType = archive.ar; path = libsfdpgen.a; sourceTree = BUILT_PRODUCTS_DIR; };
		E59BC0C325DAFBCC00402577 /* libsparse.a */ = {isa = PBXFileReference; explicitFileType = archive.ar; path = libsparse.a; sourceTree = BUILT_PRODUCTS_DIR; };
		E59BC0C525DAFBCC00402577 /* libspine.a */ = {isa = PBXFileReference; explicitFileType = archive.ar; path = libspine.a; sourceTree = BUILT_PRODUCTS_DIR; };
		E59BC0C725DAFBCC00402577 /* libtwopigen.a */ = {isa = PBXFileReference; explicitFileType = archive.ar; path = libtwopigen.a; sourceTree = BUILT_PRODUCTS_DIR; };
		E59BC0C925DAFBCC00402577 /* libvmalloc.a */ = {isa = PBXFileReference; explicitFileType = archive.ar; path = libvmalloc.a; sourceTree = BUILT_PRODUCTS_DIR; };
		E59BC0CB25DAFBCC00402577 /* libxdot.a */ = {isa = PBXFileReference; explicitFileType = archive.ar; path = libxdot.a; sourceTree = BUILT_PRODUCTS_DIR; };
		E59BC14725DB0ED300402577 /* CoreText.framework */ = {isa = PBXFileReference; lastKnownFileType = wrapper.framework; name = CoreText.framework; path = Platforms/MacOSX.platform/Developer/SDKs/MacOSX11.1.sdk/System/Library/Frameworks/CoreText.framework; sourceTree = DEVELOPER_DIR; };
		E59BC1A425DB113500402577 /* gvcommon.h */ = {isa = PBXFileReference; lastKnownFileType = sourcecode.c.h; name = gvcommon.h; path = ../../../graphviz/lib/gvc/gvcommon.h; sourceTree = "<group>"; };
		E59BC1C225DB12A100402577 /* cdt.h */ = {isa = PBXFileReference; lastKnownFileType = sourcecode.c.h; name = cdt.h; path = ../../../graphviz/lib/cdt/cdt.h; sourceTree = "<group>"; };
		E59BC24225DB143800402577 /* gvplugin.h */ = {isa = PBXFileReference; lastKnownFileType = sourcecode.c.h; name = gvplugin.h; path = ../../../graphviz/lib/gvc/gvplugin.h; sourceTree = "<group>"; };
		E59BC2B125DB1BF500402577 /* gvcext.h */ = {isa = PBXFileReference; lastKnownFileType = sourcecode.c.h; path = gvcext.h; sourceTree = "<group>"; };
		E59BC30925DB1CCB00402577 /* types.h */ = {isa = PBXFileReference; lastKnownFileType = sourcecode.c.h; path = types.h; sourceTree = "<group>"; };
		E59BC30A25DB1CCB00402577 /* gvcext.h */ = {isa = PBXFileReference; lastKnownFileType = sourcecode.c.h; name = gvcext.h; path = ../../../graphviz/lib/gvc/gvcext.h; sourceTree = "<group>"; };
		E59BC32625DB1D5A00402577 /* gvc.h */ = {isa = PBXFileReference; lastKnownFileType = sourcecode.c.h; name = gvc.h; path = ../graphviz/lib/gvc/gvc.h; sourceTree = "<group>"; };
		E59BC33025DB1D7E00402577 /* geom.h */ = {isa = PBXFileReference; lastKnownFileType = sourcecode.c.h; name = geom.h; path = ../graphviz/lib/common/geom.h; sourceTree = "<group>"; };
		E59BC33A25DB1D9A00402577 /* arith.h */ = {isa = PBXFileReference; lastKnownFileType = sourcecode.c.h; name = arith.h; path = ../graphviz/lib/common/arith.h; sourceTree = "<group>"; };
		E59BC34425DB1DBA00402577 /* pathgeom.h */ = {isa = PBXFileReference; lastKnownFileType = sourcecode.c.h; name = pathgeom.h; path = ../graphviz/lib/pathplan/pathgeom.h; sourceTree = "<group>"; };
		E59BC34E25DB1DD300402577 /* textspan.h */ = {isa = PBXFileReference; lastKnownFileType = sourcecode.c.h; name = textspan.h; path = ../graphviz/lib/common/textspan.h; sourceTree = "<group>"; };
		E59BC35825DB1DEA00402577 /* cgraph.h */ = {isa = PBXFileReference; lastKnownFileType = sourcecode.c.h; name = cgraph.h; path = ../graphviz/lib/cgraph/cgraph.h; sourceTree = "<group>"; };
		E59BC36225DB1E1100402577 /* usershape.h */ = {isa = PBXFileReference; lastKnownFileType = sourcecode.c.h; name = usershape.h; path = ../graphviz/lib/common/usershape.h; sourceTree = "<group>"; };
		E59BC37425DB1E4E00402577 /* gvcint.h */ = {isa = PBXFileReference; lastKnownFileType = sourcecode.c.h; name = gvcint.h; path = ../graphviz/lib/gvc/gvcint.h; sourceTree = "<group>"; };
		E59BC37E25DB1E6C00402577 /* gvcjob.h */ = {isa = PBXFileReference; lastKnownFileType = sourcecode.c.h; name = gvcjob.h; path = ../graphviz/lib/gvc/gvcjob.h; sourceTree = "<group>"; };
		E59BC38825DB1E8900402577 /* color.h */ = {isa = PBXFileReference; lastKnownFileType = sourcecode.c.h; name = color.h; path = ../graphviz/lib/common/color.h; sourceTree = "<group>"; };
		E59BC39A25DB22AF00402577 /* inttypes.h */ = {isa = PBXFileReference; fileEncoding = 4; lastKnownFileType = sourcecode.c.h; path = inttypes.h; sourceTree = "<group>"; };
		E59BC46925DBF02E00402577 /* libexpat.1.tbd */ = {isa = PBXFileReference; lastKnownFileType = "sourcecode.text-based-dylib-definition"; name = libexpat.1.tbd; path = Platforms/MacOSX.platform/Developer/SDKs/MacOSX11.1.sdk/usr/lib/libexpat.1.tbd; sourceTree = DEVELOPER_DIR; };
		E5B10A1D22E6454500150B65 /* CGSize+KKExtensions.swift */ = {isa = PBXFileReference; lastKnownFileType = sourcecode.swift; path = "CGSize+KKExtensions.swift"; sourceTree = "<group>"; };
		E5B1A8D32261E5020090DBD8 /* Logging.swift */ = {isa = PBXFileReference; fileEncoding = 4; lastKnownFileType = sourcecode.swift; path = Logging.swift; sourceTree = "<group>"; };
		E5F0910E259D192F0069A360 /* libexpat.tbd */ = {isa = PBXFileReference; lastKnownFileType = "sourcecode.text-based-dylib-definition"; name = libexpat.tbd; path = Platforms/MacOSX.platform/Developer/SDKs/MacOSX11.1.sdk/usr/lib/libexpat.tbd; sourceTree = DEVELOPER_DIR; };
		E5F09114259D19360069A360 /* libiconv.tbd */ = {isa = PBXFileReference; lastKnownFileType = "sourcecode.text-based-dylib-definition"; name = libiconv.tbd; path = Platforms/MacOSX.platform/Developer/SDKs/MacOSX11.1.sdk/usr/lib/libiconv.tbd; sourceTree = DEVELOPER_DIR; };
		E5F0911A259D194A0069A360 /* libcharset.tbd */ = {isa = PBXFileReference; lastKnownFileType = "sourcecode.text-based-dylib-definition"; name = libcharset.tbd; path = Platforms/MacOSX.platform/Developer/SDKs/MacOSX11.1.sdk/usr/lib/libcharset.tbd; sourceTree = DEVELOPER_DIR; };
		E5F09120259D19580069A360 /* libz.tbd */ = {isa = PBXFileReference; lastKnownFileType = "sourcecode.text-based-dylib-definition"; name = libz.tbd; path = Platforms/MacOSX.platform/Developer/SDKs/MacOSX11.1.sdk/usr/lib/libz.tbd; sourceTree = DEVELOPER_DIR; };
		E5F0915C259DA7200069A360 /* prepareCMake.sh */ = {isa = PBXFileReference; lastKnownFileType = text.script.sh; path = prepareCMake.sh; sourceTree = "<group>"; };
/* End PBXFileReference section */

/* Begin PBXFrameworksBuildPhase section */
		89214F9124FBB50600B2FCC9 /* Frameworks */ = {
			isa = PBXFrameworksBuildPhase;
			buildActionMask = 2147483647;
			files = (
				E5BFE27826CA8337005828C5 /* libltdlc.a in Frameworks */,
				E539EB7D26CA7A9400484EA0 /* libexpat.1.tbd in Frameworks */,
				E539EB7826CA789D00484EA0 /* libcdt.a in Frameworks */,
				E59BC09825DAFBCC00402577 /* libcdt.a in Frameworks */,
				E59BC09A25DAFBCC00402577 /* libcgraph.a in Frameworks */,
				E59BC09C25DAFBCC00402577 /* libcircogen.a in Frameworks */,
				E59BC09E25DAFBCC00402577 /* libcommon.a in Frameworks */,
				E59BC0A025DAFBCC00402577 /* libdotgen.a in Frameworks */,
				E59BC0A225DAFBCC00402577 /* libfdpgen.a in Frameworks */,
				E59BC0A425DAFBCC00402577 /* libgvc.a in Frameworks */,
				E59BC0A625DAFBCC00402577 /* libgvplugin_core.a in Frameworks */,
				E59BC0A825DAFBCC00402577 /* libgvplugin_dot_layout.a in Frameworks */,
				E59BC0AA25DAFBCC00402577 /* libgvplugin_gd.a in Frameworks */,
				E59BC0AC25DAFBCC00402577 /* libgvplugin_neato_layout.a in Frameworks */,
				E59BC0AE25DAFBCC00402577 /* libgvplugin_pango.a in Frameworks */,
				E59BC0B025DAFBCC00402577 /* libingraphs.a in Frameworks */,
				E59BC0B225DAFBCC00402577 /* liblabel.a in Frameworks */,
				E59BC0B425DAFBCC00402577 /* libneatogen.a in Frameworks */,
				E59BC0B625DAFBCC00402577 /* libortho.a in Frameworks */,
				E59BC0B825DAFBCC00402577 /* libosage.a in Frameworks */,
				E59BC0BA25DAFBCC00402577 /* libpack.a in Frameworks */,
				E59BC0BC25DAFBCC00402577 /* libpatchwork.a in Frameworks */,
				E59BC0BE25DAFBCC00402577 /* libpathplan.a in Frameworks */,
				E59BC0C025DAFBCC00402577 /* librbtree.a in Frameworks */,
				E59BC0C225DAFBCC00402577 /* libsfdpgen.a in Frameworks */,
				E59BC0C425DAFBCC00402577 /* libsparse.a in Frameworks */,
				E59BC0C625DAFBCC00402577 /* libspine.a in Frameworks */,
				E59BC0C825DAFBCC00402577 /* libtwopigen.a in Frameworks */,
				E59BC0CA25DAFBCC00402577 /* libvmalloc.a in Frameworks */,
				E59BC0CC25DAFBCC00402577 /* libxdot.a in Frameworks */,
			);
			runOnlyForDeploymentPostprocessing = 0;
		};
		89214F9924FBB50600B2FCC9 /* Frameworks */ = {
			isa = PBXFrameworksBuildPhase;
			buildActionMask = 2147483647;
			files = (
				89214F9D24FBB50600B2FCC9 /* SwiftGraphviz.framework in Frameworks */,
			);
			runOnlyForDeploymentPostprocessing = 0;
		};
		E53227CF2260511C003A9143 /* Frameworks */ = {
			isa = PBXFrameworksBuildPhase;
			buildActionMask = 2147483647;
			files = (
				89B96393238539B3008CCBB2 /* SwiftGraphvizMac in Frameworks */,
				89F4ED2E2495436B0099B6C6 /* Logging in Frameworks */,
			);
			runOnlyForDeploymentPostprocessing = 0;
		};
		E532284A2261BA86003A9143 /* Frameworks */ = {
			isa = PBXFrameworksBuildPhase;
			buildActionMask = 2147483647;
			files = (
			);
			runOnlyForDeploymentPostprocessing = 0;
		};
/* End PBXFrameworksBuildPhase section */

/* Begin PBXGroup section */
		89214F9524FBB50600B2FCC9 /* SwiftGraphviz */ = {
			isa = PBXGroup;
			children = (
				89214F9724FBB50600B2FCC9 /* Info.plist */,
			);
			path = SwiftGraphviz;
			sourceTree = "<group>";
		};
		89214FA024FBB50600B2FCC9 /* SwiftGraphvizTests */ = {
			isa = PBXGroup;
			children = (
				89214FA124FBB50600B2FCC9 /* SwiftGraphvizTests.swift */,
				89214FA324FBB50600B2FCC9 /* Info.plist */,
			);
			path = SwiftGraphvizTests;
			sourceTree = "<group>";
		};
		E53227C92260511C003A9143 = {
			isa = PBXGroup;
			children = (
				E59BC38825DB1E8900402577 /* color.h */,
				E59BC37E25DB1E6C00402577 /* gvcjob.h */,
				E59BC37425DB1E4E00402577 /* gvcint.h */,
				E59BC36225DB1E1100402577 /* usershape.h */,
				E59BC35825DB1DEA00402577 /* cgraph.h */,
				E59BC34E25DB1DD300402577 /* textspan.h */,
				E59BC34425DB1DBA00402577 /* pathgeom.h */,
				E59BC33A25DB1D9A00402577 /* arith.h */,
				E59BC33025DB1D7E00402577 /* geom.h */,
				E59BC32625DB1D5A00402577 /* gvc.h */,
				E5F0915C259DA7200069A360 /* prepareCMake.sh */,
				E564F891226B1231005CCB3B /* Package.swift */,
				E53228042261B78B003A9143 /* prepareLibraries.sh */,
				E564F88C226B10D8005CCB3B /* Sources */,
				89214F9524FBB50600B2FCC9 /* SwiftGraphviz */,
				89214FA024FBB50600B2FCC9 /* SwiftGraphvizTests */,
				E53227D32260511C003A9143 /* Products */,
				E53227DC2260F8F2003A9143 /* Frameworks */,
			);
			sourceTree = "<group>";
		};
		E53227D32260511C003A9143 /* Products */ = {
			isa = PBXGroup;
			children = (
				E53227D22260511C003A9143 /* libSwiftGraphvizIOS.a */,
				E532284C2261BA86003A9143 /* libSwiftGraphvizMac_old.a */,
				89214F9424FBB50600B2FCC9 /* SwiftGraphviz.framework */,
				89214F9C24FBB50600B2FCC9 /* SwiftGraphvizTests.xctest */,
			);
			name = Products;
			sourceTree = "<group>";
		};
		E53227DC2260F8F2003A9143 /* Frameworks */ = {
			isa = PBXGroup;
			children = (
				E55CD06826CA8079000C3963 /* libdl.tbd */,
				E539EB7C26CA7A9400484EA0 /* libexpat.1.tbd */,
				E539EB7726CA789D00484EA0 /* libcdt.a */,
				E59BC46925DBF02E00402577 /* libexpat.1.tbd */,
				E59BC14725DB0ED300402577 /* CoreText.framework */,
				E59BC09725DAFBCC00402577 /* libcdt.a */,
				E59BC09925DAFBCC00402577 /* libcgraph.a */,
				E59BC09B25DAFBCC00402577 /* libcircogen.a */,
				E59BC09D25DAFBCC00402577 /* libcommon.a */,
				E59BC09F25DAFBCC00402577 /* libdotgen.a */,
				E59BC0A125DAFBCC00402577 /* libfdpgen.a */,
				E59BC0A325DAFBCC00402577 /* libgvc.a */,
				E59BC0A525DAFBCC00402577 /* libgvplugin_core.a */,
				E59BC0A725DAFBCC00402577 /* libgvplugin_dot_layout.a */,
				E59BC0A925DAFBCC00402577 /* libgvplugin_gd.a */,
				E59BC0AB25DAFBCC00402577 /* libgvplugin_neato_layout.a */,
				E59BC0AD25DAFBCC00402577 /* libgvplugin_pango.a */,
				E59BC0AF25DAFBCC00402577 /* libingraphs.a */,
				E59BC0B125DAFBCC00402577 /* liblabel.a */,
				E59BC0B325DAFBCC00402577 /* libneatogen.a */,
				E59BC0B525DAFBCC00402577 /* libortho.a */,
				E59BC0B725DAFBCC00402577 /* libosage.a */,
				E59BC0B925DAFBCC00402577 /* libpack.a */,
				E59BC0BB25DAFBCC00402577 /* libpatchwork.a */,
				E59BC0BD25DAFBCC00402577 /* libpathplan.a */,
				E59BC0BF25DAFBCC00402577 /* librbtree.a */,
				E59BC0C125DAFBCC00402577 /* libsfdpgen.a */,
				E59BC0C325DAFBCC00402577 /* libsparse.a */,
				E59BC0C525DAFBCC00402577 /* libspine.a */,
				E59BC0C725DAFBCC00402577 /* libtwopigen.a */,
				E59BC0C925DAFBCC00402577 /* libvmalloc.a */,
				E59BC0CB25DAFBCC00402577 /* libxdot.a */,
				E5671A7E25A19C5A00727759 /* gvc.framework */,
				E5671A7F25A19C5A00727759 /* pathplan.framework */,
				E5671A8025A19C5A00727759 /* xdot.framework */,
				E5671A7425A19C4300727759 /* Darwin */,
				E5671A7225A19C3700727759 /* cgraph.framework */,
				E5671A7025A19C2800727759 /* cdt.framework */,
				E5671A6D25A19C0900727759 /* libgvplugin_dot_layout.dylib */,
				E5671A6C25A19C0900727759 /* libgvplugin_neato_layout.dylib */,
				E5671A6625A19BCD00727759 /* libgvplugin_core.dylib */,
				E5F09120259D19580069A360 /* libz.tbd */,
				E5F0911A259D194A0069A360 /* libcharset.tbd */,
				E5F09114259D19360069A360 /* libiconv.tbd */,
				E5F0910E259D192F0069A360 /* libexpat.tbd */,
				E52C41AF2590001600081254 /* libgvplugin_quartz_C.a */,
				E52C4193258FFD3A00081254 /* iconv.o */,
				E52C4191258FFD3A00081254 /* libcdt_C.a */,
				E52C4192258FFD3A00081254 /* libcgraph_C.a */,
				E52C418D258FFD3A00081254 /* libcharset.a */,
				E52C4195258FFD3A00081254 /* libexpat.a */,
				E52C4196258FFD3A00081254 /* libglib-2.0.a */,
				E52C4194258FFD3A00081254 /* libgts.a */,
				E52C4190258FFD3A00081254 /* libgvc_C.a */,
				E52C418C258FFD3A00081254 /* libgvplugin_core_C.a */,
				E52C418E258FFD3A00081254 /* libgvplugin_dot_layout_C.a */,
				E52C419A258FFD3A00081254 /* libgvplugin_neato_layout_C.a */,
				E52C4199258FFD3A00081254 /* libintl.a */,
				E52C418B258FFD3A00081254 /* libltdlc.a */,
				E52C4197258FFD3A00081254 /* libpathplan_C.a */,
				E52C4198258FFD3A00081254 /* libvpsc_C.a */,
				E52C418F258FFD3A00081254 /* libz.a */,
				E564F88A226AEBC9005CCB3B /* libsystem_darwin.tbd */,
				E564F883226A34E0005CCB3B /* libz.1.dylib */,
				E564F87E226A113F005CCB3B /* libz.tbd */,
				E564F875226A0C1A005CCB3B /* libltdlc.a */,
				E564F84322698924005CCB3B /* WebKit.framework */,
				E564F8412269891E005CCB3B /* Quartz.framework */,
				E564F83F22698915005CCB3B /* Foundation.framework */,
				E53228602261BB11003A9143 /* iconv.o */,
				E53228652261BB11003A9143 /* libcdt_C.a */,
				E53228562261BB11003A9143 /* libcgraph_C.a */,
				E532285A2261BB11003A9143 /* libcharset.a */,
				E53228622261BB11003A9143 /* libexpat.a */,
				E532285B2261BB11003A9143 /* libglib-2.0.a */,
				E53228552261BB11003A9143 /* libgts.a */,
				E53228572261BB11003A9143 /* libgvc_C.a */,
				E53228592261BB11003A9143 /* libgvplugin_core_C.a */,
				E53228582261BB11003A9143 /* libgvplugin_dot_layout_C.a */,
				E53228632261BB11003A9143 /* libgvplugin_neato_layout_C.a */,
				E53228642261BB11003A9143 /* libgvplugin_quartz_C.a */,
				E53228662261BB11003A9143 /* libintl.a */,
				E532285C2261BB11003A9143 /* libltdlc.a */,
				E532285D2261BB11003A9143 /* libpathplan_C.a */,
				E53228612261BB11003A9143 /* libvpsc_C.a */,
				E532285E2261BB11003A9143 /* libz.a */,
			);
			name = Frameworks;
			sourceTree = "<group>";
		};
		E564F88C226B10D8005CCB3B /* Sources */ = {
			isa = PBXGroup;
			children = (
				E564F88D226B1151005CCB3B /* cocoaExtensions */,
				E564F896226B35D4005CCB3B /* module.modulemap */,
				E564F894226B18BA005CCB3B /* GraphvizInterface */,
				E564F893226B179A005CCB3B /* SwiftGraphviz */,
			);
			path = Sources;
			sourceTree = "<group>";
		};
		E564F88D226B1151005CCB3B /* cocoaExtensions */ = {
			isa = PBXGroup;
			children = (
				E564F8AB227B228B005CCB3B /* CGPoint+KKExtensions.swift */,
				E564F8AA227B228A005CCB3B /* CGRect+KKExtensions.swift */,
				E564F8A9227B228A005CCB3B /* CGVector+KKExtensions.swift */,
				E564F8A7227B228A005CCB3B /* Double+KKExtensions.swift */,
				E564F8A8227B228A005CCB3B /* Set+KKExtentions.swift */,
				E5B10A1D22E6454500150B65 /* CGSize+KKExtensions.swift */,
			);
			path = cocoaExtensions;
			sourceTree = "<group>";
		};
		E564F893226B179A005CCB3B /* SwiftGraphviz */ = {
			isa = PBXGroup;
			children = (
				E53227FF2261B78A003A9143 /* SwiftGraphviz-Bridging-Header.h */,
				E5B1A8D32261E5020090DBD8 /* Logging.swift */,
				E53228022261B78B003A9143 /* GraphvizWrapper.swift */,
				E53228012261B78B003A9143 /* GVCluster.swift */,
				E53228082261B78B003A9143 /* GVEdge.swift */,
				E53228052261B78B003A9143 /* GVLayoutConfig.swift */,
				E53228002261B78B003A9143 /* GVNode.swift */,
				E53228032261B78B003A9143 /* GVParameters.swift */,
				E532280C2261B78C003A9143 /* StandardGVLayoutConfigurations.swift */,
				89CBA85A2444D4C600D7F208 /* GraphBuilderBias.swift */,
				E586283E229C6AC50074F6DC /* GVGraph.swift */,
			);
			path = SwiftGraphviz;
			sourceTree = "<group>";
		};
		E564F894226B18BA005CCB3B /* GraphvizInterface */ = {
			isa = PBXGroup;
			children = (
				E59BC39A25DB22AF00402577 /* inttypes.h */,
				E59BC2B125DB1BF500402577 /* gvcext.h */,
				E59BC30925DB1CCB00402577 /* types.h */,
				E59BC30A25DB1CCB00402577 /* gvcext.h */,
				E59BC24225DB143800402577 /* gvplugin.h */,
				E59BC1C225DB12A100402577 /* cdt.h */,
				E59BC1A425DB113500402577 /* gvcommon.h */,
				89214F9624FBB50600B2FCC9 /* SwiftGraphviz.h */,
				E532280A2261B78C003A9143 /* builtins.h */,
				E53228072261B78B003A9143 /* builtins.c */,
			);
			path = GraphvizInterface;
			sourceTree = "<group>";
		};
/* End PBXGroup section */

/* Begin PBXHeadersBuildPhase section */
		89214F8F24FBB50600B2FCC9 /* Headers */ = {
			isa = PBXHeadersBuildPhase;
			buildActionMask = 2147483647;
			files = (
				89214FA424FBB50600B2FCC9 /* SwiftGraphviz.h in Headers */,
				E59BC25625DB147000402577 /* gvplugin.h in Headers */,
				E59BC25725DB147000402577 /* cdt.h in Headers */,
				E59BC25825DB147000402577 /* gvcommon.h in Headers */,
				E59BC33125DB1D7E00402577 /* geom.h in Headers */,
				E59BC31425DB1CE100402577 /* types.h in Headers */,
				E59BC31525DB1CE100402577 /* gvcext.h in Headers */,
				E59BC33B25DB1D9A00402577 /* arith.h in Headers */,
				E59BC32725DB1D5A00402577 /* gvc.h in Headers */,
				E59BC34F25DB1DD300402577 /* textspan.h in Headers */,
				E59BC36325DB1E1100402577 /* usershape.h in Headers */,
				E59BC38925DB1E8900402577 /* color.h in Headers */,
				E59BC34525DB1DBA00402577 /* pathgeom.h in Headers */,
				E59BC37525DB1E4E00402577 /* gvcint.h in Headers */,
				E59BC37F25DB1E6C00402577 /* gvcjob.h in Headers */,
				E59BC35925DB1DEB00402577 /* cgraph.h in Headers */,
				E59BC25925DB147000402577 /* builtins.h in Headers */,
			);
			runOnlyForDeploymentPostprocessing = 0;
		};
		E53228482261BA86003A9143 /* Headers */ = {
			isa = PBXHeadersBuildPhase;
			buildActionMask = 2147483647;
			files = (
				E565681C2573E397001CD7B4 /* SwiftGraphviz.h in Headers */,
				E53228792261BB2A003A9143 /* builtins.h in Headers */,
				E565682A2573E6E2001CD7B4 /* SwiftGraphviz-Bridging-Header.h in Headers */,
			);
			runOnlyForDeploymentPostprocessing = 0;
		};
/* End PBXHeadersBuildPhase section */

/* Begin PBXNativeTarget section */
		89214F9324FBB50600B2FCC9 /* SwiftGraphviz */ = {
			isa = PBXNativeTarget;
			buildConfigurationList = 89214FA524FBB50600B2FCC9 /* Build configuration list for PBXNativeTarget "SwiftGraphviz" */;
			buildPhases = (
				89214F8F24FBB50600B2FCC9 /* Headers */,
				89214F9024FBB50600B2FCC9 /* Sources */,
				89214F9124FBB50600B2FCC9 /* Frameworks */,
				89214F9224FBB50600B2FCC9 /* Resources */,
			);
			buildRules = (
			);
			dependencies = (
				E539EB7A26CA78F600484EA0 /* PBXTargetDependency */,
			);
			name = SwiftGraphviz;
			packageProductDependencies = (
			);
			productName = SwiftGraphviz;
			productReference = 89214F9424FBB50600B2FCC9 /* SwiftGraphviz.framework */;
			productType = "com.apple.product-type.framework";
		};
		89214F9B24FBB50600B2FCC9 /* SwiftGraphvizTests */ = {
			isa = PBXNativeTarget;
			buildConfigurationList = 89214FA824FBB50600B2FCC9 /* Build configuration list for PBXNativeTarget "SwiftGraphvizTests" */;
			buildPhases = (
				89214F9824FBB50600B2FCC9 /* Sources */,
				89214F9924FBB50600B2FCC9 /* Frameworks */,
				89214F9A24FBB50600B2FCC9 /* Resources */,
			);
			buildRules = (
			);
			dependencies = (
				89214F9F24FBB50600B2FCC9 /* PBXTargetDependency */,
			);
			name = SwiftGraphvizTests;
			productName = SwiftGraphvizTests;
			productReference = 89214F9C24FBB50600B2FCC9 /* SwiftGraphvizTests.xctest */;
			productType = "com.apple.product-type.bundle.unit-test";
		};
		E53227D12260511C003A9143 /* SwiftGraphvizIOS */ = {
			isa = PBXNativeTarget;
			buildConfigurationList = E53227D92260511C003A9143 /* Build configuration list for PBXNativeTarget "SwiftGraphvizIOS" */;
			buildPhases = (
				E53227CE2260511C003A9143 /* Sources */,
				E53227CF2260511C003A9143 /* Frameworks */,
				E53227D02260511C003A9143 /* CopyFiles */,
			);
			buildRules = (
			);
			dependencies = (
			);
			name = SwiftGraphvizIOS;
			packageProductDependencies = (
				89B96392238539B3008CCBB2 /* SwiftGraphvizMac */,
				89F4ED2D2495436B0099B6C6 /* Logging */,
			);
			productName = SwiftGraphviz;
			productReference = E53227D22260511C003A9143 /* libSwiftGraphvizIOS.a */;
			productType = "com.apple.product-type.library.static";
		};
		E532284B2261BA86003A9143 /* SwiftGraphvizMac_old */ = {
			isa = PBXNativeTarget;
			buildConfigurationList = E53228522261BA86003A9143 /* Build configuration list for PBXNativeTarget "SwiftGraphvizMac_old" */;
			buildPhases = (
				E53228482261BA86003A9143 /* Headers */,
				E53228492261BA86003A9143 /* Sources */,
				E532284A2261BA86003A9143 /* Frameworks */,
			);
			buildRules = (
			);
			dependencies = (
				89F4ED3724955F180099B6C6 /* PBXTargetDependency */,
			);
			name = SwiftGraphvizMac_old;
			productName = SwiftGraphvizMac;
			productReference = E532284C2261BA86003A9143 /* libSwiftGraphvizMac_old.a */;
			productType = "com.apple.product-type.library.static";
		};
/* End PBXNativeTarget section */

/* Begin PBXProject section */
		E53227CA2260511C003A9143 /* Project object */ = {
			isa = PBXProject;
			attributes = {
				LastSwiftUpdateCheck = 1230;
				LastUpgradeCheck = 1230;
				ORGANIZATIONNAME = "Klaus Kneupner";
				TargetAttributes = {
					89214F9324FBB50600B2FCC9 = {
						CreatedOnToolsVersion = 11.6;
					};
					89214F9B24FBB50600B2FCC9 = {
						CreatedOnToolsVersion = 11.6;
					};
					E53227D12260511C003A9143 = {
						CreatedOnToolsVersion = 10.2;
						LastSwiftMigration = 1020;
					};
					E532284B2261BA86003A9143 = {
						CreatedOnToolsVersion = 10.2;
					};
				};
			};
			buildConfigurationList = E53227CD2260511C003A9143 /* Build configuration list for PBXProject "SwiftGraphviz" */;
			compatibilityVersion = "Xcode 9.3";
			developmentRegion = en;
			hasScannedForEncodings = 0;
			knownRegions = (
				en,
				Base,
			);
			mainGroup = E53227C92260511C003A9143;
			packageReferences = (
				89B96391238539B3008CCBB2 /* XCRemoteSwiftPackageReference "swiftgraphviz" */,
				89F4ED2C2495436B0099B6C6 /* XCRemoteSwiftPackageReference "swift-log" */,
			);
			productRefGroup = E53227D32260511C003A9143 /* Products */;
			projectDirPath = "";
			projectRoot = "";
			targets = (
				E53227D12260511C003A9143 /* SwiftGraphvizIOS */,
				E532284B2261BA86003A9143 /* SwiftGraphvizMac_old */,
				89214F9324FBB50600B2FCC9 /* SwiftGraphviz */,
				89214F9B24FBB50600B2FCC9 /* SwiftGraphvizTests */,
			);
		};
/* End PBXProject section */

/* Begin PBXResourcesBuildPhase section */
		89214F9224FBB50600B2FCC9 /* Resources */ = {
			isa = PBXResourcesBuildPhase;
			buildActionMask = 2147483647;
			files = (
			);
			runOnlyForDeploymentPostprocessing = 0;
		};
		89214F9A24FBB50600B2FCC9 /* Resources */ = {
			isa = PBXResourcesBuildPhase;
			buildActionMask = 2147483647;
			files = (
			);
			runOnlyForDeploymentPostprocessing = 0;
		};
/* End PBXResourcesBuildPhase section */

/* Begin PBXSourcesBuildPhase section */
		89214F9024FBB50600B2FCC9 /* Sources */ = {
			isa = PBXSourcesBuildPhase;
			buildActionMask = 2147483647;
			files = (
				89214FBB24FBB55700B2FCC9 /* Logging.swift in Sources */,
				89214FBA24FBB55200B2FCC9 /* builtins.c in Sources */,
				89214FAB24FBB53A00B2FCC9 /* CGPoint+KKExtensions.swift in Sources */,
				89214FAC24FBB53A00B2FCC9 /* CGRect+KKExtensions.swift in Sources */,
				89214FAD24FBB53A00B2FCC9 /* CGVector+KKExtensions.swift in Sources */,
				89214FAE24FBB53A00B2FCC9 /* Double+KKExtensions.swift in Sources */,
				89214FAF24FBB53A00B2FCC9 /* Set+KKExtentions.swift in Sources */,
				89214FB024FBB53A00B2FCC9 /* CGSize+KKExtensions.swift in Sources */,
				89214FB124FBB53A00B2FCC9 /* GraphvizWrapper.swift in Sources */,
				89214FB224FBB53A00B2FCC9 /* GVCluster.swift in Sources */,
				89214FB324FBB53A00B2FCC9 /* GVEdge.swift in Sources */,
				89214FB424FBB53A00B2FCC9 /* GVLayoutConfig.swift in Sources */,
				89214FB524FBB53A00B2FCC9 /* GVNode.swift in Sources */,
				89214FB624FBB53A00B2FCC9 /* GVParameters.swift in Sources */,
				89214FB724FBB53A00B2FCC9 /* StandardGVLayoutConfigurations.swift in Sources */,
				89214FB824FBB53A00B2FCC9 /* GraphBuilderBias.swift in Sources */,
				89214FB924FBB53A00B2FCC9 /* GVGraph.swift in Sources */,
			);
			runOnlyForDeploymentPostprocessing = 0;
		};
		89214F9824FBB50600B2FCC9 /* Sources */ = {
			isa = PBXSourcesBuildPhase;
			buildActionMask = 2147483647;
			files = (
				89214FA224FBB50600B2FCC9 /* SwiftGraphvizTests.swift in Sources */,
			);
			runOnlyForDeploymentPostprocessing = 0;
		};
		E53227CE2260511C003A9143 /* Sources */ = {
			isa = PBXSourcesBuildPhase;
			buildActionMask = 2147483647;
			files = (
				E5B10A1E22E6454500150B65 /* CGSize+KKExtensions.swift in Sources */,
				E564F8B0227B228B005CCB3B /* CGVector+KKExtensions.swift in Sources */,
				E564F8AC227B228B005CCB3B /* Double+KKExtensions.swift in Sources */,
				E564F8B4227B228B005CCB3B /* CGPoint+KKExtensions.swift in Sources */,
				E53228142261B78C003A9143 /* GVEdge.swift in Sources */,
				89CBA85B2444D4C600D7F208 /* GraphBuilderBias.swift in Sources */,
				E5B1A8D42261E5030090DBD8 /* Logging.swift in Sources */,
				E532280F2261B78C003A9143 /* GraphvizWrapper.swift in Sources */,
				E564F8B2227B228B005CCB3B /* CGRect+KKExtensions.swift in Sources */,
				E5862841229C6C9B0074F6DC /* GVGraph.swift in Sources */,
				E564F8AE227B228B005CCB3B /* Set+KKExtentions.swift in Sources */,
				E532280D2261B78C003A9143 /* GVNode.swift in Sources */,
				E53228112261B78C003A9143 /* GVLayoutConfig.swift in Sources */,
				E564F892226B1231005CCB3B /* Package.swift in Sources */,
				E53228102261B78C003A9143 /* GVParameters.swift in Sources */,
				E53228172261B78C003A9143 /* StandardGVLayoutConfigurations.swift in Sources */,
				E53228132261B78C003A9143 /* builtins.c in Sources */,
				E532280E2261B78C003A9143 /* GVCluster.swift in Sources */,
			);
			runOnlyForDeploymentPostprocessing = 0;
		};
		E53228492261BA86003A9143 /* Sources */ = {
			isa = PBXSourcesBuildPhase;
			buildActionMask = 2147483647;
			files = (
				E571EC002261BC6C000F7DA1 /* builtins.c in Sources */,
				E571EC032261BC6C000F7DA1 /* GraphvizWrapper.swift in Sources */,
				E564F8B1227B228B005CCB3B /* CGVector+KKExtensions.swift in Sources */,
				E564F8AD227B228B005CCB3B /* Double+KKExtensions.swift in Sources */,
				E571EC042261BC6C000F7DA1 /* GVCluster.swift in Sources */,
				E571EC052261BC6C000F7DA1 /* GVEdge.swift in Sources */,
				E571EC062261BC6C000F7DA1 /* GVLayoutConfig.swift in Sources */,
				E571EC072261BC6C000F7DA1 /* GVNode.swift in Sources */,
				E5B1A8D52261EB7D0090DBD8 /* Logging.swift in Sources */,
				E571EC082261BC6C000F7DA1 /* GVParameters.swift in Sources */,
				89CBA85C2444D4C600D7F208 /* GraphBuilderBias.swift in Sources */,
				E5B10A1F22E645ED00150B65 /* CGSize+KKExtensions.swift in Sources */,
				E571EC0B2261BC6C000F7DA1 /* StandardGVLayoutConfigurations.swift in Sources */,
				E5862840229C6C9A0074F6DC /* GVGraph.swift in Sources */,
				E564F8AF227B228B005CCB3B /* Set+KKExtentions.swift in Sources */,
				E564F8B5227B228B005CCB3B /* CGPoint+KKExtensions.swift in Sources */,
				E564F8B3227B228B005CCB3B /* CGRect+KKExtensions.swift in Sources */,
			);
			runOnlyForDeploymentPostprocessing = 0;
		};
/* End PBXSourcesBuildPhase section */

/* Begin PBXTargetDependency section */
		89214F9F24FBB50600B2FCC9 /* PBXTargetDependency */ = {
			isa = PBXTargetDependency;
			target = 89214F9324FBB50600B2FCC9 /* SwiftGraphviz */;
			targetProxy = 89214F9E24FBB50600B2FCC9 /* PBXContainerItemProxy */;
		};
		89F4ED3724955F180099B6C6 /* PBXTargetDependency */ = {
			isa = PBXTargetDependency;
			productRef = 89F4ED3624955F180099B6C6 /* Logging */;
		};
		E539EB7A26CA78F600484EA0 /* PBXTargetDependency */ = {
			isa = PBXTargetDependency;
			productRef = E539EB7926CA78F600484EA0 /* Logging */;
		};
/* End PBXTargetDependency section */

/* Begin XCBuildConfiguration section */
		89214FA624FBB50600B2FCC9 /* Debug */ = {
			isa = XCBuildConfiguration;
			buildSettings = {
				APPLY_RULES_IN_COPY_HEADERS = YES;
				CLANG_ALLOW_NON_MODULAR_INCLUDES_IN_FRAMEWORK_MODULES = NO;
				CLANG_CXX_LANGUAGE_STANDARD = "compiler-default";
				CLANG_CXX_LIBRARY = "compiler-default";
				CLANG_WARN_QUOTED_INCLUDE_IN_FRAMEWORK_HEADER = NO;
				CODE_SIGN_IDENTITY = "Apple Development";
				CODE_SIGN_STYLE = Automatic;
				COMBINE_HIDPI_IMAGES = YES;
				CURRENT_PROJECT_VERSION = 1;
				DEFINES_MODULE = YES;
				DEVELOPMENT_TEAM = HN3M9PRAT4;
				DYLIB_COMPATIBILITY_VERSION = 1;
				DYLIB_CURRENT_VERSION = 1;
				DYLIB_INSTALL_NAME_BASE = "@rpath";
				GCC_C_LANGUAGE_STANDARD = "compiler-default";
				HEADER_SEARCH_PATHS = "$(PROJECT_DIR)/Sources/GraphvizInterface/**";
				INFOPLIST_FILE = SwiftGraphviz/Info.plist;
				INSTALL_PATH = "$(LOCAL_LIBRARY_DIR)/Frameworks";
				LD_RUNPATH_SEARCH_PATHS = (
					"$(inherited)",
					"@executable_path/../Frameworks",
					"@loader_path/Frameworks",
				);
				LIBRARY_SEARCH_PATHS = (
					"$(inherited)",
					"$(SDKROOT)/usr/lib/system",
					"$(PROJECT_DIR)/universal",
				);
				MACOSX_DEPLOYMENT_TARGET = 11.3;
				ONLY_ACTIVE_ARCH = NO;
				PRODUCT_BUNDLE_IDENTIFIER = com.vithanco.SwiftGraphviz;
				PRODUCT_NAME = "$(TARGET_NAME:c99extidentifier)";
				SDKROOT = macosx;
				SKIP_INSTALL = YES;
				SWIFT_OBJC_BRIDGING_HEADER = "";
				SWIFT_OBJC_INTERFACE_HEADER_NAME = "$(SWIFT_MODULE_NAME)-Swift.h";
				SWIFT_VERSION = 5.0;
				SYSTEM_HEADER_SEARCH_PATHS = (
					"$(inherited)",
					"$(PROJECT_DIR)/Sources/GraphvizInterface/**",
				);
				VERSIONING_SYSTEM = "apple-generic";
				VERSION_INFO_PREFIX = "";
			};
			name = Debug;
		};
		89214FA724FBB50600B2FCC9 /* Release */ = {
			isa = XCBuildConfiguration;
			buildSettings = {
				APPLY_RULES_IN_COPY_HEADERS = YES;
				CLANG_ALLOW_NON_MODULAR_INCLUDES_IN_FRAMEWORK_MODULES = NO;
				CLANG_CXX_LANGUAGE_STANDARD = "compiler-default";
				CLANG_CXX_LIBRARY = "compiler-default";
				CLANG_WARN_QUOTED_INCLUDE_IN_FRAMEWORK_HEADER = NO;
				CODE_SIGN_IDENTITY = "Apple Development";
				CODE_SIGN_STYLE = Automatic;
				COMBINE_HIDPI_IMAGES = YES;
				CURRENT_PROJECT_VERSION = 1;
				DEFINES_MODULE = YES;
				DEVELOPMENT_TEAM = HN3M9PRAT4;
				DYLIB_COMPATIBILITY_VERSION = 1;
				DYLIB_CURRENT_VERSION = 1;
				DYLIB_INSTALL_NAME_BASE = "@rpath";
				GCC_C_LANGUAGE_STANDARD = "compiler-default";
				HEADER_SEARCH_PATHS = "$(PROJECT_DIR)/Sources/GraphvizInterface/**";
				INFOPLIST_FILE = SwiftGraphviz/Info.plist;
				INSTALL_PATH = "$(LOCAL_LIBRARY_DIR)/Frameworks";
				LD_RUNPATH_SEARCH_PATHS = (
					"$(inherited)",
					"@executable_path/../Frameworks",
					"@loader_path/Frameworks",
				);
				LIBRARY_SEARCH_PATHS = (
					"$(inherited)",
					"$(SDKROOT)/usr/lib/system",
					"$(PROJECT_DIR)/universal",
				);
				MACOSX_DEPLOYMENT_TARGET = 11.3;
				ONLY_ACTIVE_ARCH = NO;
				PRODUCT_BUNDLE_IDENTIFIER = com.vithanco.SwiftGraphviz;
				PRODUCT_NAME = "$(TARGET_NAME:c99extidentifier)";
				SDKROOT = macosx;
				SKIP_INSTALL = YES;
				SWIFT_OBJC_BRIDGING_HEADER = "";
				SWIFT_OBJC_INTERFACE_HEADER_NAME = "$(SWIFT_MODULE_NAME)-Swift.h";
				SWIFT_VERSION = 5.0;
				SYSTEM_HEADER_SEARCH_PATHS = (
					"$(inherited)",
					"$(PROJECT_DIR)/Sources/GraphvizInterface/**",
				);
				VERSIONING_SYSTEM = "apple-generic";
				VERSION_INFO_PREFIX = "";
			};
			name = Release;
		};
		89214FA924FBB50600B2FCC9 /* Debug */ = {
			isa = XCBuildConfiguration;
			buildSettings = {
				ALWAYS_EMBED_SWIFT_STANDARD_LIBRARIES = YES;
				CODE_SIGN_STYLE = Automatic;
				COMBINE_HIDPI_IMAGES = YES;
				DEVELOPMENT_TEAM = HN3M9PRAT4;
				INFOPLIST_FILE = SwiftGraphvizTests/Info.plist;
				LD_RUNPATH_SEARCH_PATHS = (
					"$(inherited)",
					"@executable_path/../Frameworks",
					"@loader_path/../Frameworks",
				);
				MACOSX_DEPLOYMENT_TARGET = 10.15;
				PRODUCT_BUNDLE_IDENTIFIER = com.vithanco.SwiftGraphvizTests;
				PRODUCT_NAME = "$(TARGET_NAME)";
				SDKROOT = macosx;
				SWIFT_VERSION = 5.0;
			};
			name = Debug;
		};
		89214FAA24FBB50600B2FCC9 /* Release */ = {
			isa = XCBuildConfiguration;
			buildSettings = {
				ALWAYS_EMBED_SWIFT_STANDARD_LIBRARIES = YES;
				CODE_SIGN_STYLE = Automatic;
				COMBINE_HIDPI_IMAGES = YES;
				DEVELOPMENT_TEAM = HN3M9PRAT4;
				INFOPLIST_FILE = SwiftGraphvizTests/Info.plist;
				LD_RUNPATH_SEARCH_PATHS = (
					"$(inherited)",
					"@executable_path/../Frameworks",
					"@loader_path/../Frameworks",
				);
				MACOSX_DEPLOYMENT_TARGET = 10.15;
				PRODUCT_BUNDLE_IDENTIFIER = com.vithanco.SwiftGraphvizTests;
				PRODUCT_NAME = "$(TARGET_NAME)";
				SDKROOT = macosx;
				SWIFT_VERSION = 5.0;
			};
			name = Release;
		};
		E53227D72260511C003A9143 /* Debug */ = {
			isa = XCBuildConfiguration;
			buildSettings = {
				ALWAYS_SEARCH_USER_PATHS = NO;
				CLANG_ANALYZER_NONNULL = YES;
				CLANG_ANALYZER_NUMBER_OBJECT_CONVERSION = YES_AGGRESSIVE;
				CLANG_CXX_LANGUAGE_STANDARD = "gnu++14";
				CLANG_CXX_LIBRARY = "libc++";
				CLANG_ENABLE_MODULES = YES;
				CLANG_ENABLE_OBJC_ARC = YES;
				CLANG_ENABLE_OBJC_WEAK = YES;
				CLANG_WARN_BLOCK_CAPTURE_AUTORELEASING = YES;
				CLANG_WARN_BOOL_CONVERSION = YES;
				CLANG_WARN_COMMA = YES;
				CLANG_WARN_CONSTANT_CONVERSION = YES;
				CLANG_WARN_DEPRECATED_OBJC_IMPLEMENTATIONS = YES;
				CLANG_WARN_DIRECT_OBJC_ISA_USAGE = YES_ERROR;
				CLANG_WARN_DOCUMENTATION_COMMENTS = YES;
				CLANG_WARN_EMPTY_BODY = YES;
				CLANG_WARN_ENUM_CONVERSION = YES;
				CLANG_WARN_INFINITE_RECURSION = YES;
				CLANG_WARN_INT_CONVERSION = YES;
				CLANG_WARN_NON_LITERAL_NULL_CONVERSION = YES;
				CLANG_WARN_OBJC_IMPLICIT_RETAIN_SELF = YES;
				CLANG_WARN_OBJC_LITERAL_CONVERSION = YES;
				CLANG_WARN_OBJC_ROOT_CLASS = YES_ERROR;
				CLANG_WARN_QUOTED_INCLUDE_IN_FRAMEWORK_HEADER = YES;
				CLANG_WARN_RANGE_LOOP_ANALYSIS = YES;
				CLANG_WARN_STRICT_PROTOTYPES = YES;
				CLANG_WARN_SUSPICIOUS_MOVE = YES;
				CLANG_WARN_UNGUARDED_AVAILABILITY = YES_AGGRESSIVE;
				CLANG_WARN_UNREACHABLE_CODE = YES;
				CLANG_WARN__DUPLICATE_METHOD_MATCH = YES;
				CODE_SIGN_IDENTITY = "Apple Development: Klaus Kneupner (6M2837MY72)";
				COPY_PHASE_STRIP = NO;
				DEBUG_INFORMATION_FORMAT = dwarf;
				ENABLE_STRICT_OBJC_MSGSEND = YES;
				ENABLE_TESTABILITY = YES;
				GCC_C_LANGUAGE_STANDARD = gnu11;
				GCC_DYNAMIC_NO_PIC = NO;
				GCC_NO_COMMON_BLOCKS = YES;
				GCC_OPTIMIZATION_LEVEL = 0;
				GCC_PREPROCESSOR_DEFINITIONS = (
					"DEBUG=1",
					"$(inherited)",
				);
				GCC_WARN_64_TO_32_BIT_CONVERSION = YES;
				GCC_WARN_ABOUT_RETURN_TYPE = YES_ERROR;
				GCC_WARN_UNDECLARED_SELECTOR = YES;
				GCC_WARN_UNINITIALIZED_AUTOS = YES_AGGRESSIVE;
				GCC_WARN_UNUSED_FUNCTION = YES;
				GCC_WARN_UNUSED_VARIABLE = YES;
				IPHONEOS_DEPLOYMENT_TARGET = 14.2;
				MACOSX_DEPLOYMENT_TARGET = 10.15;
				MTL_ENABLE_DEBUG_INFO = INCLUDE_SOURCE;
				MTL_FAST_MATH = YES;
				ONLY_ACTIVE_ARCH = YES;
				SDKROOT = iphoneos;
				SWIFT_ACTIVE_COMPILATION_CONDITIONS = DEBUG;
				SWIFT_OPTIMIZATION_LEVEL = "-Onone";
			};
			name = Debug;
		};
		E53227D82260511C003A9143 /* Release */ = {
			isa = XCBuildConfiguration;
			buildSettings = {
				ALWAYS_SEARCH_USER_PATHS = NO;
				CLANG_ANALYZER_NONNULL = YES;
				CLANG_ANALYZER_NUMBER_OBJECT_CONVERSION = YES_AGGRESSIVE;
				CLANG_CXX_LANGUAGE_STANDARD = "gnu++14";
				CLANG_CXX_LIBRARY = "libc++";
				CLANG_ENABLE_MODULES = YES;
				CLANG_ENABLE_OBJC_ARC = YES;
				CLANG_ENABLE_OBJC_WEAK = YES;
				CLANG_WARN_BLOCK_CAPTURE_AUTORELEASING = YES;
				CLANG_WARN_BOOL_CONVERSION = YES;
				CLANG_WARN_COMMA = YES;
				CLANG_WARN_CONSTANT_CONVERSION = YES;
				CLANG_WARN_DEPRECATED_OBJC_IMPLEMENTATIONS = YES;
				CLANG_WARN_DIRECT_OBJC_ISA_USAGE = YES_ERROR;
				CLANG_WARN_DOCUMENTATION_COMMENTS = YES;
				CLANG_WARN_EMPTY_BODY = YES;
				CLANG_WARN_ENUM_CONVERSION = YES;
				CLANG_WARN_INFINITE_RECURSION = YES;
				CLANG_WARN_INT_CONVERSION = YES;
				CLANG_WARN_NON_LITERAL_NULL_CONVERSION = YES;
				CLANG_WARN_OBJC_IMPLICIT_RETAIN_SELF = YES;
				CLANG_WARN_OBJC_LITERAL_CONVERSION = YES;
				CLANG_WARN_OBJC_ROOT_CLASS = YES_ERROR;
				CLANG_WARN_QUOTED_INCLUDE_IN_FRAMEWORK_HEADER = YES;
				CLANG_WARN_RANGE_LOOP_ANALYSIS = YES;
				CLANG_WARN_STRICT_PROTOTYPES = YES;
				CLANG_WARN_SUSPICIOUS_MOVE = YES;
				CLANG_WARN_UNGUARDED_AVAILABILITY = YES_AGGRESSIVE;
				CLANG_WARN_UNREACHABLE_CODE = YES;
				CLANG_WARN__DUPLICATE_METHOD_MATCH = YES;
				CODE_SIGN_IDENTITY = "Apple Development: Klaus Kneupner (6M2837MY72)";
				COPY_PHASE_STRIP = NO;
				DEBUG_INFORMATION_FORMAT = "dwarf-with-dsym";
				ENABLE_NS_ASSERTIONS = NO;
				ENABLE_STRICT_OBJC_MSGSEND = YES;
				GCC_C_LANGUAGE_STANDARD = gnu11;
				GCC_NO_COMMON_BLOCKS = YES;
				GCC_WARN_64_TO_32_BIT_CONVERSION = YES;
				GCC_WARN_ABOUT_RETURN_TYPE = YES_ERROR;
				GCC_WARN_UNDECLARED_SELECTOR = YES;
				GCC_WARN_UNINITIALIZED_AUTOS = YES_AGGRESSIVE;
				GCC_WARN_UNUSED_FUNCTION = YES;
				GCC_WARN_UNUSED_VARIABLE = YES;
				IPHONEOS_DEPLOYMENT_TARGET = 14.2;
				MACOSX_DEPLOYMENT_TARGET = 10.15;
				MTL_ENABLE_DEBUG_INFO = NO;
				MTL_FAST_MATH = YES;
				SDKROOT = iphoneos;
				SWIFT_COMPILATION_MODE = wholemodule;
				SWIFT_OPTIMIZATION_LEVEL = "-O";
				VALIDATE_PRODUCT = YES;
			};
			name = Release;
		};
		E53227DA2260511C003A9143 /* Debug */ = {
			isa = XCBuildConfiguration;
			buildSettings = {
				CLANG_ENABLE_MODULES = YES;
				CODE_SIGN_STYLE = Automatic;
				DEVELOPMENT_TEAM = HN3M9PRAT4;
				LD_RUNPATH_SEARCH_PATHS = (
					"$(inherited)",
					"@executable_path/Frameworks",
					"@loader_path/Frameworks",
				);
				LIBRARY_SEARCH_PATHS = (
					"$(inherited)",
					"$(PROJECT_DIR)/gvLibs",
					"$(PROJECT_DIR)/otherLibs",
				);
				OTHER_LDFLAGS = "-ObjC";
				PRODUCT_NAME = "$(TARGET_NAME)";
				SKIP_INSTALL = YES;
				SWIFT_OBJC_BRIDGING_HEADER = "SwiftGraphviz-Bridging-Header.h";
				SWIFT_OPTIMIZATION_LEVEL = "-Onone";
				SWIFT_VERSION = 5.0;
				TARGETED_DEVICE_FAMILY = "1,2";
			};
			name = Debug;
		};
		E53227DB2260511C003A9143 /* Release */ = {
			isa = XCBuildConfiguration;
			buildSettings = {
				CLANG_ENABLE_MODULES = YES;
				CODE_SIGN_STYLE = Automatic;
				DEVELOPMENT_TEAM = HN3M9PRAT4;
				LD_RUNPATH_SEARCH_PATHS = (
					"$(inherited)",
					"@executable_path/Frameworks",
					"@loader_path/Frameworks",
				);
				LIBRARY_SEARCH_PATHS = (
					"$(inherited)",
					"$(PROJECT_DIR)/gvLibs",
					"$(PROJECT_DIR)/otherLibs",
				);
				OTHER_LDFLAGS = "-ObjC";
				PRODUCT_NAME = "$(TARGET_NAME)";
				SKIP_INSTALL = YES;
				SWIFT_OBJC_BRIDGING_HEADER = "SwiftGraphviz-Bridging-Header.h";
				SWIFT_VERSION = 5.0;
				TARGETED_DEVICE_FAMILY = "1,2";
			};
			name = Release;
		};
		E53228532261BA86003A9143 /* Debug */ = {
			isa = XCBuildConfiguration;
			buildSettings = {
				ARCHS = "$(ARCHS_STANDARD)";
				CLANG_ANALYZER_SECURITY_FLOATLOOPCOUNTER = YES;
				CLANG_ANALYZER_SECURITY_INSECUREAPI_RAND = YES;
				CLANG_ANALYZER_SECURITY_INSECUREAPI_STRCPY = YES;
				CLANG_CXX_LANGUAGE_STANDARD = "compiler-default";
				CLANG_CXX_LIBRARY = "compiler-default";
				CLANG_WARN_CXX0X_EXTENSIONS = NO;
				CODE_SIGN_IDENTITY = "Mac Developer";
				CODE_SIGN_STYLE = Automatic;
				DEAD_CODE_STRIPPING = NO;
				DEFINES_MODULE = YES;
				DEVELOPMENT_TEAM = HN3M9PRAT4;
				EXECUTABLE_PREFIX = lib;
				GCC_C_LANGUAGE_STANDARD = "compiler-default";
				GCC_WARN_PEDANTIC = YES;
				HEADER_SEARCH_PATHS = "$(PROJECT_DIR)/Sources/GraphvizInterface";
				LIBRARY_SEARCH_PATHS = (
					"$(inherited)",
					"$(PROJECT_DIR)/universal",
					"$(PROJECT_DIR)/headers",
					"$(SDKROOT)/usr/lib/system",
				);
				LINK_WITH_STANDARD_LIBRARIES = YES;
				MACOSX_DEPLOYMENT_TARGET = 11.3;
				ONLY_ACTIVE_ARCH = NO;
				PRODUCT_MODULE_NAME = SwiftGraphviz;
				PRODUCT_NAME = "$(TARGET_NAME)";
				SDKROOT = macosx;
				SKIP_INSTALL = YES;
				STRIP_INSTALLED_PRODUCT = NO;
				SWIFT_COMPILATION_MODE = wholemodule;
				SWIFT_OBJC_BRIDGING_HEADER = "Sources/SwiftGraphviz/SwiftGraphviz-Bridging-Header.h";
				SWIFT_VERSION = 5.0;
				VALIDATE_WORKSPACE = YES;
			};
			name = Debug;
		};
		E53228542261BA86003A9143 /* Release */ = {
			isa = XCBuildConfiguration;
			buildSettings = {
				ARCHS = "$(ARCHS_STANDARD)";
				CLANG_ANALYZER_SECURITY_FLOATLOOPCOUNTER = YES;
				CLANG_ANALYZER_SECURITY_INSECUREAPI_RAND = YES;
				CLANG_ANALYZER_SECURITY_INSECUREAPI_STRCPY = YES;
				CLANG_CXX_LANGUAGE_STANDARD = "compiler-default";
				CLANG_CXX_LIBRARY = "compiler-default";
				CLANG_WARN_CXX0X_EXTENSIONS = NO;
				CODE_SIGN_IDENTITY = "Mac Developer";
				CODE_SIGN_STYLE = Automatic;
				DEAD_CODE_STRIPPING = NO;
				DEFINES_MODULE = YES;
				DEVELOPMENT_TEAM = HN3M9PRAT4;
				EXECUTABLE_PREFIX = lib;
				GCC_C_LANGUAGE_STANDARD = "compiler-default";
				GCC_WARN_PEDANTIC = YES;
				HEADER_SEARCH_PATHS = "$(PROJECT_DIR)/Sources/GraphvizInterface";
				LIBRARY_SEARCH_PATHS = (
					"$(inherited)",
					"$(PROJECT_DIR)/universal",
					"$(PROJECT_DIR)/headers",
					"$(SDKROOT)/usr/lib/system",
				);
				LINK_WITH_STANDARD_LIBRARIES = YES;
				MACOSX_DEPLOYMENT_TARGET = 11.3;
				ONLY_ACTIVE_ARCH = NO;
				PRODUCT_MODULE_NAME = SwiftGraphviz;
				PRODUCT_NAME = "$(TARGET_NAME)";
				SDKROOT = macosx;
				SKIP_INSTALL = YES;
				SWIFT_OBJC_BRIDGING_HEADER = "Sources/SwiftGraphviz/SwiftGraphviz-Bridging-Header.h";
				SWIFT_OPTIMIZATION_LEVEL = "-Osize";
				SWIFT_VERSION = 5.0;
				VALIDATE_WORKSPACE = YES;
			};
			name = Release;
		};
/* End XCBuildConfiguration section */

/* Begin XCConfigurationList section */
		89214FA524FBB50600B2FCC9 /* Build configuration list for PBXNativeTarget "SwiftGraphviz" */ = {
			isa = XCConfigurationList;
			buildConfigurations = (
				89214FA624FBB50600B2FCC9 /* Debug */,
				89214FA724FBB50600B2FCC9 /* Release */,
			);
			defaultConfigurationIsVisible = 0;
			defaultConfigurationName = Release;
		};
		89214FA824FBB50600B2FCC9 /* Build configuration list for PBXNativeTarget "SwiftGraphvizTests" */ = {
			isa = XCConfigurationList;
			buildConfigurations = (
				89214FA924FBB50600B2FCC9 /* Debug */,
				89214FAA24FBB50600B2FCC9 /* Release */,
			);
			defaultConfigurationIsVisible = 0;
			defaultConfigurationName = Release;
		};
		E53227CD2260511C003A9143 /* Build configuration list for PBXProject "SwiftGraphviz" */ = {
			isa = XCConfigurationList;
			buildConfigurations = (
				E53227D72260511C003A9143 /* Debug */,
				E53227D82260511C003A9143 /* Release */,
			);
			defaultConfigurationIsVisible = 0;
			defaultConfigurationName = Release;
		};
		E53227D92260511C003A9143 /* Build configuration list for PBXNativeTarget "SwiftGraphvizIOS" */ = {
			isa = XCConfigurationList;
			buildConfigurations = (
				E53227DA2260511C003A9143 /* Debug */,
				E53227DB2260511C003A9143 /* Release */,
			);
			defaultConfigurationIsVisible = 0;
			defaultConfigurationName = Release;
		};
		E53228522261BA86003A9143 /* Build configuration list for PBXNativeTarget "SwiftGraphvizMac_old" */ = {
			isa = XCConfigurationList;
			buildConfigurations = (
				E53228532261BA86003A9143 /* Debug */,
				E53228542261BA86003A9143 /* Release */,
			);
			defaultConfigurationIsVisible = 0;
			defaultConfigurationName = Release;
		};
/* End XCConfigurationList section */

/* Begin XCRemoteSwiftPackageReference section */
		89B96391238539B3008CCBB2 /* XCRemoteSwiftPackageReference "swiftgraphviz" */ = {
			isa = XCRemoteSwiftPackageReference;
			repositoryURL = "https://gitlab.com/vithanco/swiftgraphviz.git";
			requirement = {
				branch = master;
				kind = branch;
			};
		};
		89F4ED2C2495436B0099B6C6 /* XCRemoteSwiftPackageReference "swift-log" */ = {
			isa = XCRemoteSwiftPackageReference;
			repositoryURL = "https://github.com/apple/swift-log.git";
			requirement = {
				kind = upToNextMajorVersion;
				minimumVersion = 1.2.0;
			};
		};
/* End XCRemoteSwiftPackageReference section */

/* Begin XCSwiftPackageProductDependency section */
		89B96392238539B3008CCBB2 /* SwiftGraphvizMac */ = {
			isa = XCSwiftPackageProductDependency;
			package = 89B96391238539B3008CCBB2 /* XCRemoteSwiftPackageReference "swiftgraphviz" */;
			productName = SwiftGraphvizMac;
		};
		89F4ED2D2495436B0099B6C6 /* Logging */ = {
			isa = XCSwiftPackageProductDependency;
			package = 89F4ED2C2495436B0099B6C6 /* XCRemoteSwiftPackageReference "swift-log" */;
			productName = Logging;
		};
		89F4ED3624955F180099B6C6 /* Logging */ = {
			isa = XCSwiftPackageProductDependency;
			package = 89F4ED2C2495436B0099B6C6 /* XCRemoteSwiftPackageReference "swift-log" */;
			productName = Logging;
		};
		E539EB7926CA78F600484EA0 /* Logging */ = {
			isa = XCSwiftPackageProductDependency;
			package = 89F4ED2C2495436B0099B6C6 /* XCRemoteSwiftPackageReference "swift-log" */;
			productName = Logging;
		};
/* End XCSwiftPackageProductDependency section */
	};
	rootObject = E53227CA2260511C003A9143 /* Project object */;
}
